<?xml version="1.0"?>
<Project ToolsVersion="4.0" xmlns="http://schemas.microsoft.com/developer/msbuild/2003">
	<ItemGroup>
		<ClCompile Include="src\ofApp.cpp">
			<Filter>src</Filter>
		</ClCompile>
		<ClCompile Include="src\main.cpp">
			<Filter>src</Filter>
		</ClCompile>
		<ClCompile Include="src\main.cpp">
			<Filter>src</Filter>
		</ClCompile>
		<ClCompile Include="src\ofApp.cpp">
			<Filter>src</Filter>
		</ClCompile>
		<ClCompile Include="..\..\..\addons\ofxHapPlayer\src\ofxHapPlayer.cpp">
			<Filter>addons\ofxHapPlayer\src</Filter>
		</ClCompile>
		<ClCompile Include="..\..\..\addons\ofxHapPlayer\libs\hap\src\hap.c">
			<Filter>addons\ofxHapPlayer\libs\hap\src</Filter>
		</ClCompile>
		<ClCompile Include="..\..\..\addons\ofxHapPlayer\libs\ofxHap\src\AudioDecoder.cpp">
			<Filter>addons\ofxHapPlayer\libs\ofxHap\src</Filter>
		</ClCompile>
		<ClCompile Include="..\..\..\addons\ofxHapPlayer\libs\ofxHap\src\AudioParameters.cpp">
			<Filter>addons\ofxHapPlayer\libs\ofxHap\src</Filter>
		</ClCompile>
		<ClCompile Include="..\..\..\addons\ofxHapPlayer\libs\ofxHap\src\AudioResampler.cpp">
			<Filter>addons\ofxHapPlayer\libs\ofxHap\src</Filter>
		</ClCompile>
		<ClCompile Include="..\..\..\addons\ofxHapPlayer\libs\ofxHap\src\AudioThread.cpp">
			<Filter>addons\ofxHapPlayer\libs\ofxHap\src</Filter>
		</ClCompile>
		<ClCompile Include="..\..\..\addons\ofxHapPlayer\libs\ofxHap\src\Clock.cpp">
			<Filter>addons\ofxHapPlayer\libs\ofxHap\src</Filter>
		</ClCompile>
		<ClCompile Include="..\..\..\addons\ofxHapPlayer\libs\ofxHap\src\Demuxer.cpp">
			<Filter>addons\ofxHapPlayer\libs\ofxHap\src</Filter>
		</ClCompile>
		<ClCompile Include="..\..\..\addons\ofxHapPlayer\libs\ofxHap\src\MovieTime.cpp">
			<Filter>addons\ofxHapPlayer\libs\ofxHap\src</Filter>
		</ClCompile>
		<ClCompile Include="..\..\..\addons\ofxHapPlayer\libs\ofxHap\src\PacketCache.cpp">
			<Filter>addons\ofxHapPlayer\libs\ofxHap\src</Filter>
		</ClCompile>
		<ClCompile Include="..\..\..\addons\ofxHapPlayer\libs\ofxHap\src\RingBuffer.cpp">
			<Filter>addons\ofxHapPlayer\libs\ofxHap\src</Filter>
		</ClCompile>
		<ClCompile Include="..\..\..\addons\ofxHapPlayer\libs\ofxHap\src\TimeRangeSet.cpp">
			<Filter>addons\ofxHapPlayer\libs\ofxHap\src</Filter>
		</ClCompile>
	</ItemGroup>
	<ItemGroup>
		<Filter Include="src">
			<UniqueIdentifier>{d8376475-7454-4a24-b08a-aac121d3ad6f}</UniqueIdentifier>
		</Filter>
		<Filter Include="addons">
			<UniqueIdentifier>{D3D0BFFB--436-1-4E-85-9-C48-D91766110B67}</UniqueIdentifier>
		</Filter>
		<Filter Include="addons\ofxHapPlayer">
			<UniqueIdentifier>{68594DC7--4DB-A-4B-0D-A-161-E0CF79A8D082}</UniqueIdentifier>
		</Filter>
		<Filter Include="addons\ofxHapPlayer\src">
			<UniqueIdentifier>{2AD9F154--E42-F-42-69-8-AA3-C12AC0802780}</UniqueIdentifier>
		</Filter>
		<Filter Include="addons\ofxHapPlayer\libs">
			<UniqueIdentifier>{D530FFBC--52B-8-48-C1-A-B8A-E24CA6BA2805}</UniqueIdentifier>
		</Filter>
		<Filter Include="addons\ofxHapPlayer\libs\hap">
			<UniqueIdentifier>{428D007F--D9D-9-45-C8-8-501-D810BF5F81AF}</UniqueIdentifier>
		</Filter>
		<Filter Include="addons\ofxHapPlayer\libs\hap\src">
			<UniqueIdentifier>{4EDA9231--FAC-9-42-7B-8-67E-17756107A3CB}</UniqueIdentifier>
		</Filter>
		<Filter Include="addons\ofxHapPlayer\libs\ofxHap">
			<UniqueIdentifier>{D02C35EE--F64-0-43-A6-A-333-32BC5D75467A}</UniqueIdentifier>
		</Filter>
		<Filter Include="addons\ofxHapPlayer\libs\ofxHap\include">
			<UniqueIdentifier>{4E55C979--313-9-46-0F-B-F3D-8E2F109CB821}</UniqueIdentifier>
		</Filter>
		<Filter Include="addons\ofxHapPlayer\libs\ofxHap\include\ofxHap">
			<UniqueIdentifier>{DD6B0263--B33-F-48-39-A-8AD-0EBC7F040722}</UniqueIdentifier>
		</Filter>
		<Filter Include="addons\ofxHapPlayer\libs\ofxHap\src">
			<UniqueIdentifier>{FD7ED061--DE5-1-4B-B8-9-E9A-E800BCCD9A21}</UniqueIdentifier>
		</Filter>
	</ItemGroup>
	<ItemGroup>
		<ClInclude Include="src\ofApp.h">
			<Filter>src</Filter>
		</ClInclude>
		<ClInclude Include="src\ofApp.h">
			<Filter>src</Filter>
		</ClInclude>
		<ClInclude Include="..\..\..\addons\ofxHapPlayer\src\ofxHapPlayer.h">
			<Filter>addons\ofxHapPlayer\src</Filter>
		</ClInclude>
		<ClInclude Include="..\..\..\addons\ofxHapPlayer\libs\hap\src\hap.h">
			<Filter>addons\ofxHapPlayer\libs\hap\src</Filter>
		</ClInclude>
		<ClInclude Include="..\..\..\addons\ofxHapPlayer\libs\ofxHap\include\ofxHap\AudioDecoder.h">
			<Filter>addons\ofxHapPlayer\libs\ofxHap\include\ofxHap</Filter>
		</ClInclude>
		<ClInclude Include="..\..\..\addons\ofxHapPlayer\libs\ofxHap\include\ofxHap\AudioParameters.h">
			<Filter>addons\ofxHapPlayer\libs\ofxHap\include\ofxHap</Filter>
		</ClInclude>
		<ClInclude Include="..\..\..\addons\ofxHapPlayer\libs\ofxHap\include\ofxHap\AudioResampler.h">
			<Filter>addons\ofxHapPlayer\libs\ofxHap\include\ofxHap</Filter>
		</ClInclude>
		<ClInclude Include="..\..\..\addons\ofxHapPlayer\libs\ofxHap\include\ofxHap\AudioThread.h">
			<Filter>addons\ofxHapPlayer\libs\ofxHap\include\ofxHap</Filter>
		</ClInclude>
		<ClInclude Include="..\..\..\addons\ofxHapPlayer\libs\ofxHap\include\ofxHap\Clock.h">
			<Filter>addons\ofxHapPlayer\libs\ofxHap\include\ofxHap</Filter>
		</ClInclude>
		<ClInclude Include="..\..\..\addons\ofxHapPlayer\libs\ofxHap\include\ofxHap\Common.h">
			<Filter>addons\ofxHapPlayer\libs\ofxHap\include\ofxHap</Filter>
		</ClInclude>
		<ClInclude Include="..\..\..\addons\ofxHapPlayer\libs\ofxHap\include\ofxHap\Demuxer.h">
			<Filter>addons\ofxHapPlayer\libs\ofxHap\include\ofxHap</Filter>
		</ClInclude>
		<ClInclude Include="..\..\..\addons\ofxHapPlayer\libs\ofxHap\include\ofxHap\ErrorReceiving.h">
			<Filter>addons\ofxHapPlayer\libs\ofxHap\include\ofxHap</Filter>
		</ClInclude>
		<ClInclude Include="..\..\..\addons\ofxHapPlayer\libs\ofxHap\include\ofxHap\MovieTime.h">
			<Filter>addons\ofxHapPlayer\libs\ofxHap\include\ofxHap</Filter>
		</ClInclude>
		<ClInclude Include="..\..\..\addons\ofxHapPlayer\libs\ofxHap\include\ofxHap\PacketCache.h">
			<Filter>addons\ofxHapPlayer\libs\ofxHap\include\ofxHap</Filter>
		</ClInclude>
		<ClInclude Include="..\..\..\addons\ofxHapPlayer\libs\ofxHap\include\ofxHap\RingBuffer.h">
			<Filter>addons\ofxHapPlayer\libs\ofxHap\include\ofxHap</Filter>
		</ClInclude>
		<ClInclude Include="..\..\..\addons\ofxHapPlayer\libs\ofxHap\include\ofxHap\TimeRangeSet.h">
			<Filter>addons\ofxHapPlayer\libs\ofxHap\include\ofxHap</Filter>
		</ClInclude>
	</ItemGroup>
	<ItemGroup>
		<ResourceCompile Include="icon.rc" />
	</ItemGroup>
</Project>
