<?xml version="1.0"?>
<plist version="1.0">
	<dict>
		<key>archiveVersion</key>
		<string>1</string>
		<key>classes</key>
		<dict />
		<key>objectVersion</key>
		<string>46</string>
		<key>objects</key>
		<dict>
			<key>9AB3F4D8C09F3B9AEEA26BE3</key>
			<dict>
				<key>children</key>
				<array>
					<string>A0D66D1AFB6DF7A56EB71FCD</string>
				</array>
				<key>isa</key>
				<string>PBXGroup</string>
				<key>name</key>
				<string>include</string>
				<key>sourceTree</key>
				<string>&lt;group&gt;</string>
			</dict>
			<key>7A2C5E0AF06168013381D973</key>
			<dict>
				<key>children</key>
				<array>
					<string>9AB3F4D8C09F3B9AEEA26BE3</string>
				</array>
				<key>isa</key>
				<string>PBXGroup</string>
				<key>name</key>
				<string>snappy</string>
				<key>sourceTree</key>
				<string>&lt;group&gt;</string>
			</dict>
			<key>A0D66D1AFB6DF7A56EB71FCD</key>
			<dict>
				<key>explicitFileType</key>
				<string>sourcecode.c.h</string>
				<key>fileEncoding</key>
				<string>30</string>
				<key>isa</key>
				<string>PBXFileReference</string>
				<key>name</key>
				<string>snappy-c.h</string>
				<key>path</key>
				<string>../../../addons/ofxHapPlayer/libs/snappy/include/snappy-c.h</string>
				<key>sourceTree</key>
				<string>SOURCE_ROOT</string>
			</dict>
			<key>AF24098F3EE61E761F184C8F</key>
			<dict>
				<key>fileRef</key>
				<string>000270D61857A9C7C7628691</string>
				<key>isa</key>
				<string>PBXBuildFile</string>
			</dict>
			<key>000270D61857A9C7C7628691</key>
			<dict>
				<key>explicitFileType</key>
				<string>sourcecode.cpp.cpp</string>
				<key>fileEncoding</key>
				<string>30</string>
				<key>isa</key>
				<string>PBXFileReference</string>
				<key>name</key>
				<string>TimeRangeSet.cpp</string>
				<key>path</key>
				<string>../../../addons/ofxHapPlayer/libs/ofxHap/src/TimeRangeSet.cpp</string>
				<key>sourceTree</key>
				<string>SOURCE_ROOT</string>
			</dict>
			<key>4EC00043E3376C87F0ECA874</key>
			<dict>
				<key>fileRef</key>
				<string>9A8EC2BF48E2C3C42C379138</string>
				<key>isa</key>
				<string>PBXBuildFile</string>
			</dict>
			<key>9A8EC2BF48E2C3C42C379138</key>
			<dict>
				<key>explicitFileType</key>
				<string>sourcecode.cpp.cpp</string>
				<key>fileEncoding</key>
				<string>30</string>
				<key>isa</key>
				<string>PBXFileReference</string>
				<key>name</key>
				<string>RingBuffer.cpp</string>
				<key>path</key>
				<string>../../../addons/ofxHapPlayer/libs/ofxHap/src/RingBuffer.cpp</string>
				<key>sourceTree</key>
				<string>SOURCE_ROOT</string>
			</dict>
			<key>2302C21FAE47D435CF095990</key>
			<dict>
				<key>fileRef</key>
				<string>2D623880D84A52CF35CA2160</string>
				<key>isa</key>
				<string>PBXBuildFile</string>
			</dict>
			<key>2D623880D84A52CF35CA2160</key>
			<dict>
				<key>explicitFileType</key>
				<string>sourcecode.cpp.cpp</string>
				<key>fileEncoding</key>
				<string>30</string>
				<key>isa</key>
				<string>PBXFileReference</string>
				<key>name</key>
				<string>PacketCache.cpp</string>
				<key>path</key>
				<string>../../../addons/ofxHapPlayer/libs/ofxHap/src/PacketCache.cpp</string>
				<key>sourceTree</key>
				<string>SOURCE_ROOT</string>
			</dict>
			<key>6D4C0ECBC21CF195A5BDBE31</key>
			<dict>
				<key>fileRef</key>
				<string>EE008DE736F55C209519A9B1</string>
				<key>isa</key>
				<string>PBXBuildFile</string>
			</dict>
			<key>EE008DE736F55C209519A9B1</key>
			<dict>
				<key>explicitFileType</key>
				<string>sourcecode.cpp.cpp</string>
				<key>fileEncoding</key>
				<string>30</string>
				<key>isa</key>
				<string>PBXFileReference</string>
				<key>name</key>
				<string>Demuxer.cpp</string>
				<key>path</key>
				<string>../../../addons/ofxHapPlayer/libs/ofxHap/src/Demuxer.cpp</string>
				<key>sourceTree</key>
				<string>SOURCE_ROOT</string>
			</dict>
			<key>8B40DD2B41C58FF6B6907B86</key>
			<dict>
				<key>fileRef</key>
				<string>238B65DDD4862C9A94A29AB4</string>
				<key>isa</key>
				<string>PBXBuildFile</string>
			</dict>
			<key>238B65DDD4862C9A94A29AB4</key>
			<dict>
				<key>explicitFileType</key>
				<string>sourcecode.cpp.cpp</string>
				<key>fileEncoding</key>
				<string>30</string>
				<key>isa</key>
				<string>PBXFileReference</string>
				<key>name</key>
				<string>Clock.cpp</string>
				<key>path</key>
				<string>../../../addons/ofxHapPlayer/libs/ofxHap/src/Clock.cpp</string>
				<key>sourceTree</key>
				<string>SOURCE_ROOT</string>
			</dict>
			<key>4774F36141444127CFF18422</key>
			<dict>
				<key>fileRef</key>
				<string>1700621FD10DE4D4F9697B24</string>
				<key>isa</key>
				<string>PBXBuildFile</string>
			</dict>
			<key>1700621FD10DE4D4F9697B24</key>
			<dict>
				<key>explicitFileType</key>
				<string>sourcecode.cpp.cpp</string>
				<key>fileEncoding</key>
				<string>30</string>
				<key>isa</key>
				<string>PBXFileReference</string>
				<key>name</key>
				<string>AudioThread.cpp</string>
				<key>path</key>
				<string>../../../addons/ofxHapPlayer/libs/ofxHap/src/AudioThread.cpp</string>
				<key>sourceTree</key>
				<string>SOURCE_ROOT</string>
			</dict>
			<key>4B9BF6D1580B334023C9FA9F</key>
			<dict>
				<key>fileRef</key>
				<string>5F2DF17E9FEFBA2715A7A317</string>
				<key>isa</key>
				<string>PBXBuildFile</string>
			</dict>
			<key>5F2DF17E9FEFBA2715A7A317</key>
			<dict>
				<key>explicitFileType</key>
				<string>sourcecode.cpp.cpp</string>
				<key>fileEncoding</key>
				<string>30</string>
				<key>isa</key>
				<string>PBXFileReference</string>
				<key>name</key>
				<string>AudioResampler.cpp</string>
				<key>path</key>
				<string>../../../addons/ofxHapPlayer/libs/ofxHap/src/AudioResampler.cpp</string>
				<key>sourceTree</key>
				<string>SOURCE_ROOT</string>
			</dict>
			<key>25F76A53846BBC81A84C5519</key>
			<dict>
				<key>fileRef</key>
				<string>C0C7A497249DBD2F8DE862C9</string>
				<key>isa</key>
				<string>PBXBuildFile</string>
			</dict>
			<key>C0C7A497249DBD2F8DE862C9</key>
			<dict>
				<key>explicitFileType</key>
				<string>sourcecode.cpp.cpp</string>
				<key>fileEncoding</key>
				<string>30</string>
				<key>isa</key>
				<string>PBXFileReference</string>
				<key>name</key>
				<string>AudioParameters.cpp</string>
				<key>path</key>
				<string>../../../addons/ofxHapPlayer/libs/ofxHap/src/AudioParameters.cpp</string>
				<key>sourceTree</key>
				<string>SOURCE_ROOT</string>
			</dict>
			<key>2EC5155BBB4AFAE8E1B719E7</key>
			<dict>
				<key>children</key>
				<array>
					<string>E190CC61090BCFFC54D69770</string>
					<string>C0C7A497249DBD2F8DE862C9</string>
					<string>5F2DF17E9FEFBA2715A7A317</string>
					<string>1700621FD10DE4D4F9697B24</string>
					<string>238B65DDD4862C9A94A29AB4</string>
					<string>EE008DE736F55C209519A9B1</string>
					<string>2D623880D84A52CF35CA2160</string>
					<string>9A8EC2BF48E2C3C42C379138</string>
					<string>000270D61857A9C7C7628691</string>
				</array>
				<key>isa</key>
				<string>PBXGroup</string>
				<key>name</key>
				<string>src</string>
				<key>sourceTree</key>
				<string>&lt;group&gt;</string>
			</dict>
			<key>9A375B432B98EE95A23FD001</key>
			<dict>
				<key>fileRef</key>
				<string>E190CC61090BCFFC54D69770</string>
				<key>isa</key>
				<string>PBXBuildFile</string>
			</dict>
			<key>E190CC61090BCFFC54D69770</key>
			<dict>
				<key>explicitFileType</key>
				<string>sourcecode.cpp.cpp</string>
				<key>fileEncoding</key>
				<string>30</string>
				<key>isa</key>
				<string>PBXFileReference</string>
				<key>name</key>
				<string>AudioDecoder.cpp</string>
				<key>path</key>
				<string>../../../addons/ofxHapPlayer/libs/ofxHap/src/AudioDecoder.cpp</string>
				<key>sourceTree</key>
				<string>SOURCE_ROOT</string>
			</dict>
			<key>A3CD349FD8C7B388CE841D0D</key>
			<dict>
				<key>explicitFileType</key>
				<string>sourcecode.c.h</string>
				<key>fileEncoding</key>
				<string>30</string>
				<key>isa</key>
				<string>PBXFileReference</string>
				<key>name</key>
				<string>TimeRangeSet.h</string>
				<key>path</key>
				<string>../../../addons/ofxHapPlayer/libs/ofxHap/include/ofxHap/TimeRangeSet.h</string>
				<key>sourceTree</key>
				<string>SOURCE_ROOT</string>
			</dict>
			<key>FAE24647AFB9C4EDBDDA0EE8</key>
			<dict>
				<key>explicitFileType</key>
				<string>sourcecode.c.h</string>
				<key>fileEncoding</key>
				<string>30</string>
				<key>isa</key>
				<string>PBXFileReference</string>
				<key>name</key>
				<string>RingBuffer.h</string>
				<key>path</key>
				<string>../../../addons/ofxHapPlayer/libs/ofxHap/include/ofxHap/RingBuffer.h</string>
				<key>sourceTree</key>
				<string>SOURCE_ROOT</string>
			</dict>
			<key>44A7B4A73286DB60EC1938DC</key>
			<dict>
				<key>explicitFileType</key>
				<string>sourcecode.c.h</string>
				<key>fileEncoding</key>
				<string>30</string>
				<key>isa</key>
				<string>PBXFileReference</string>
				<key>name</key>
				<string>PacketCache.h</string>
				<key>path</key>
				<string>../../../addons/ofxHapPlayer/libs/ofxHap/include/ofxHap/PacketCache.h</string>
				<key>sourceTree</key>
				<string>SOURCE_ROOT</string>
			</dict>
			<key>2CB998AF03E1DC191394C214</key>
			<dict>
				<key>explicitFileType</key>
				<string>sourcecode.c.h</string>
				<key>fileEncoding</key>
				<string>30</string>
				<key>isa</key>
				<string>PBXFileReference</string>
				<key>name</key>
				<string>ErrorReceiving.h</string>
				<key>path</key>
				<string>../../../addons/ofxHapPlayer/libs/ofxHap/include/ofxHap/ErrorReceiving.h</string>
				<key>sourceTree</key>
				<string>SOURCE_ROOT</string>
			</dict>
			<key>C7E31A41D29A71BC7651883D</key>
			<dict>
				<key>explicitFileType</key>
				<string>sourcecode.c.h</string>
				<key>fileEncoding</key>
				<string>30</string>
				<key>isa</key>
				<string>PBXFileReference</string>
				<key>name</key>
				<string>Demuxer.h</string>
				<key>path</key>
				<string>../../../addons/ofxHapPlayer/libs/ofxHap/include/ofxHap/Demuxer.h</string>
				<key>sourceTree</key>
				<string>SOURCE_ROOT</string>
			</dict>
			<key>C8ACC5ADB42FB88EC0A6BA43</key>
			<dict>
				<key>explicitFileType</key>
				<string>sourcecode.c.h</string>
				<key>fileEncoding</key>
				<string>30</string>
				<key>isa</key>
				<string>PBXFileReference</string>
				<key>name</key>
				<string>Common.h</string>
				<key>path</key>
				<string>../../../addons/ofxHapPlayer/libs/ofxHap/include/ofxHap/Common.h</string>
				<key>sourceTree</key>
				<string>SOURCE_ROOT</string>
			</dict>
			<key>5168D41D3FD219BF54E02804</key>
			<dict>
				<key>explicitFileType</key>
				<string>sourcecode.c.h</string>
				<key>fileEncoding</key>
				<string>30</string>
				<key>isa</key>
				<string>PBXFileReference</string>
				<key>name</key>
				<string>Clock.h</string>
				<key>path</key>
				<string>../../../addons/ofxHapPlayer/libs/ofxHap/include/ofxHap/Clock.h</string>
				<key>sourceTree</key>
				<string>SOURCE_ROOT</string>
			</dict>
			<key>AC1ED9E2EADE684C6250AB38</key>
			<dict>
				<key>explicitFileType</key>
				<string>sourcecode.c.h</string>
				<key>fileEncoding</key>
				<string>30</string>
				<key>isa</key>
				<string>PBXFileReference</string>
				<key>name</key>
				<string>AudioThread.h</string>
				<key>path</key>
				<string>../../../addons/ofxHapPlayer/libs/ofxHap/include/ofxHap/AudioThread.h</string>
				<key>sourceTree</key>
				<string>SOURCE_ROOT</string>
			</dict>
			<key>77AC83A7566E052535EFA339</key>
			<dict>
				<key>explicitFileType</key>
				<string>sourcecode.c.h</string>
				<key>fileEncoding</key>
				<string>30</string>
				<key>isa</key>
				<string>PBXFileReference</string>
				<key>name</key>
				<string>AudioResampler.h</string>
				<key>path</key>
				<string>../../../addons/ofxHapPlayer/libs/ofxHap/include/ofxHap/AudioResampler.h</string>
				<key>sourceTree</key>
				<string>SOURCE_ROOT</string>
			</dict>
			<key>9FA6754E55758AF846AF0E83</key>
			<dict>
				<key>explicitFileType</key>
				<string>sourcecode.c.h</string>
				<key>fileEncoding</key>
				<string>30</string>
				<key>isa</key>
				<string>PBXFileReference</string>
				<key>name</key>
				<string>AudioParameters.h</string>
				<key>path</key>
				<string>../../../addons/ofxHapPlayer/libs/ofxHap/include/ofxHap/AudioParameters.h</string>
				<key>sourceTree</key>
				<string>SOURCE_ROOT</string>
			</dict>
			<key>7C5E4E98933A05F194AE813A</key>
			<dict>
				<key>children</key>
				<array>
					<string>01ACF32DD2BE3FB5BC5DFA8A</string>
					<string>9FA6754E55758AF846AF0E83</string>
					<string>77AC83A7566E052535EFA339</string>
					<string>AC1ED9E2EADE684C6250AB38</string>
					<string>5168D41D3FD219BF54E02804</string>
					<string>C8ACC5ADB42FB88EC0A6BA43</string>
					<string>C7E31A41D29A71BC7651883D</string>
					<string>2CB998AF03E1DC191394C214</string>
					<string>44A7B4A73286DB60EC1938DC</string>
					<string>FAE24647AFB9C4EDBDDA0EE8</string>
					<string>A3CD349FD8C7B388CE841D0D</string>
				</array>
				<key>isa</key>
				<string>PBXGroup</string>
				<key>name</key>
				<string>ofxHap</string>
				<key>sourceTree</key>
				<string>&lt;group&gt;</string>
			</dict>
			<key>2F54A7F907FE7148918F7780</key>
			<dict>
				<key>children</key>
				<array>
					<string>7C5E4E98933A05F194AE813A</string>
				</array>
				<key>isa</key>
				<string>PBXGroup</string>
				<key>name</key>
				<string>include</string>
				<key>sourceTree</key>
				<string>&lt;group&gt;</string>
			</dict>
			<key>6BA06186AF1C74A7B5F517D6</key>
			<dict>
				<key>children</key>
				<array>
					<string>2F54A7F907FE7148918F7780</string>
					<string>2EC5155BBB4AFAE8E1B719E7</string>
				</array>
				<key>isa</key>
				<string>PBXGroup</string>
				<key>name</key>
				<string>ofxHap</string>
				<key>sourceTree</key>
				<string>&lt;group&gt;</string>
			</dict>
			<key>01ACF32DD2BE3FB5BC5DFA8A</key>
			<dict>
				<key>explicitFileType</key>
				<string>sourcecode.c.h</string>
				<key>fileEncoding</key>
				<string>30</string>
				<key>isa</key>
				<string>PBXFileReference</string>
				<key>name</key>
				<string>AudioDecoder.h</string>
				<key>path</key>
				<string>../../../addons/ofxHapPlayer/libs/ofxHap/include/ofxHap/AudioDecoder.h</string>
				<key>sourceTree</key>
				<string>SOURCE_ROOT</string>
			</dict>
			<key>15EECCAE1A639FE0771146E3</key>
			<dict>
				<key>explicitFileType</key>
				<string>sourcecode.c.h</string>
				<key>fileEncoding</key>
				<string>30</string>
				<key>isa</key>
				<string>PBXFileReference</string>
				<key>name</key>
				<string>hap.h</string>
				<key>path</key>
				<string>../../../addons/ofxHapPlayer/libs/hap/src/hap.h</string>
				<key>sourceTree</key>
				<string>SOURCE_ROOT</string>
			</dict>
			<key>31EDD8632EE5643250EF7BBA</key>
			<dict>
				<key>children</key>
				<array>
					<string>C8F6794ACA9E9E23B93E0350</string>
					<string>15EECCAE1A639FE0771146E3</string>
				</array>
				<key>isa</key>
				<string>PBXGroup</string>
				<key>name</key>
				<string>src</string>
				<key>sourceTree</key>
				<string>&lt;group&gt;</string>
			</dict>
			<key>E09D8B6334004E7315770DB3</key>
			<dict>
				<key>children</key>
				<array>
					<string>31EDD8632EE5643250EF7BBA</string>
				</array>
				<key>isa</key>
				<string>PBXGroup</string>
				<key>name</key>
				<string>hap</string>
				<key>sourceTree</key>
				<string>&lt;group&gt;</string>
			</dict>
			<key>D2589C81FE555C37DFA9890C</key>
			<dict>
				<key>fileRef</key>
				<string>C8F6794ACA9E9E23B93E0350</string>
				<key>isa</key>
				<string>PBXBuildFile</string>
			</dict>
			<key>C8F6794ACA9E9E23B93E0350</key>
			<dict>
				<key>explicitFileType</key>
				<string>sourcecode.c.c</string>
				<key>fileEncoding</key>
				<string>30</string>
				<key>isa</key>
				<string>PBXFileReference</string>
				<key>name</key>
				<string>hap.c</string>
				<key>path</key>
				<string>../../../addons/ofxHapPlayer/libs/hap/src/hap.c</string>
				<key>sourceTree</key>
				<string>SOURCE_ROOT</string>
			</dict>
			<key>FB9F47685F7E0B3273C0D607</key>
			<dict>
				<key>explicitFileType</key>
				<string>sourcecode.c.h</string>
				<key>fileEncoding</key>
				<string>30</string>
				<key>isa</key>
				<string>PBXFileReference</string>
				<key>name</key>
				<string>version.h</string>
				<key>path</key>
				<string>../../../addons/ofxHapPlayer/libs/ffmpeg/include/libswresample/version.h</string>
				<key>sourceTree</key>
				<string>SOURCE_ROOT</string>
			</dict>
			<key>744B1963835AF5822E18F213</key>
			<dict>
				<key>children</key>
				<array>
					<string>945357084E7ABDC214C52B8E</string>
					<string>FB9F47685F7E0B3273C0D607</string>
				</array>
				<key>isa</key>
				<string>PBXGroup</string>
				<key>name</key>
				<string>libswresample</string>
				<key>sourceTree</key>
				<string>&lt;group&gt;</string>
			</dict>
			<key>A7957D933EFEE61DD7BF28AA</key>
			<dict>
				<key>children</key>
				<array>
					<string>744B1963835AF5822E18F213</string>
				</array>
				<key>isa</key>
				<string>PBXGroup</string>
				<key>name</key>
				<string>include</string>
				<key>sourceTree</key>
				<string>&lt;group&gt;</string>
			</dict>
			<key>762EAA6CA6507916C1401579</key>
			<dict>
				<key>children</key>
				<array>
					<string>A7957D933EFEE61DD7BF28AA</string>
				</array>
				<key>isa</key>
				<string>PBXGroup</string>
				<key>name</key>
				<string>ffmpeg</string>
				<key>sourceTree</key>
				<string>&lt;group&gt;</string>
			</dict>
			<key>79FD7615976472BC2D2C3851</key>
			<dict>
				<key>children</key>
				<array>
					<string>762EAA6CA6507916C1401579</string>
					<string>E09D8B6334004E7315770DB3</string>
					<string>6BA06186AF1C74A7B5F517D6</string>
					<string>7A2C5E0AF06168013381D973</string>
				</array>
				<key>isa</key>
				<string>PBXGroup</string>
				<key>name</key>
				<string>libs</string>
				<key>sourceTree</key>
				<string>&lt;group&gt;</string>
			</dict>
			<key>945357084E7ABDC214C52B8E</key>
			<dict>
				<key>explicitFileType</key>
				<string>sourcecode.c.h</string>
				<key>fileEncoding</key>
				<string>30</string>
				<key>isa</key>
				<string>PBXFileReference</string>
				<key>name</key>
				<string>swresample.h</string>
				<key>path</key>
				<string>../../../addons/ofxHapPlayer/libs/ffmpeg/include/libswresample/swresample.h</string>
				<key>sourceTree</key>
				<string>SOURCE_ROOT</string>
			</dict>
			<key>A9816531495AFFBC1BB87CF3</key>
			<dict>
				<key>explicitFileType</key>
				<string>sourcecode.c.h</string>
				<key>fileEncoding</key>
				<string>30</string>
				<key>isa</key>
				<string>PBXFileReference</string>
				<key>name</key>
				<string>ofxHapPlayer.h</string>
				<key>path</key>
				<string>../../../addons/ofxHapPlayer/src/ofxHapPlayer.h</string>
				<key>sourceTree</key>
				<string>SOURCE_ROOT</string>
			</dict>
			<key>BBDADACACB6EAB5BEDA05FDE</key>
			<dict>
				<key>children</key>
				<array>
					<string>B3A8B29F47FD67274D82443D</string>
					<string>A9816531495AFFBC1BB87CF3</string>
				</array>
				<key>isa</key>
				<string>PBXGroup</string>
				<key>name</key>
				<string>src</string>
				<key>sourceTree</key>
				<string>&lt;group&gt;</string>
			</dict>
			<key>123746A97018087522D6BDFF</key>
			<dict>
				<key>children</key>
				<array>
					<string>BBDADACACB6EAB5BEDA05FDE</string>
					<string>79FD7615976472BC2D2C3851</string>
				</array>
				<key>isa</key>
				<string>PBXGroup</string>
				<key>name</key>
				<string>ofxHapPlayer</string>
				<key>sourceTree</key>
				<string>&lt;group&gt;</string>
			</dict>
			<key>9DECE28DE972DD39553DD35C</key>
			<dict>
				<key>fileRef</key>
				<string>B3A8B29F47FD67274D82443D</string>
				<key>isa</key>
				<string>PBXBuildFile</string>
			</dict>
			<key>B3A8B29F47FD67274D82443D</key>
			<dict>
				<key>explicitFileType</key>
				<string>sourcecode.cpp.cpp</string>
				<key>fileEncoding</key>
				<string>30</string>
				<key>isa</key>
				<string>PBXFileReference</string>
				<key>name</key>
				<string>ofxHapPlayer.cpp</string>
				<key>path</key>
				<string>../../../addons/ofxHapPlayer/src/ofxHapPlayer.cpp</string>
				<key>sourceTree</key>
				<string>SOURCE_ROOT</string>
			</dict>
			<key>6948EE371B920CB800B5AC1A</key>
			<dict>
				<key>children</key>
				<array />
				<key>isa</key>
				<string>PBXGroup</string>
				<key>name</key>
				<string>local_addons</string>
				<key>sourceTree</key>
				<string>&lt;group&gt;</string>
			</dict>
			<key>BB4B014C10F69532006C3DED</key>
			<dict>
				<key>children</key>
				<array>
					<string>123746A97018087522D6BDFF</string>
				</array>
				<key>isa</key>
				<string>PBXGroup</string>
				<key>name</key>
				<string>addons</string>
				<key>sourceTree</key>
				<string>&lt;group&gt;</string>
			</dict>
			<key>E4328143138ABC890047C5CB</key>
			<dict>
				<key>isa</key>
				<string>PBXFileReference</string>
				<key>lastKnownFileType</key>
				<string>wrapper.pb-project</string>
				<key>name</key>
				<string>openFrameworksLib.xcodeproj</string>
				<key>path</key>
				<string>../../../libs/openFrameworksCompiled/project/osx/openFrameworksLib.xcodeproj</string>
				<key>sourceTree</key>
				<string>SOURCE_ROOT</string>
			</dict>
			<key>E4328144138ABC890047C5CB</key>
			<dict>
				<key>children</key>
				<array>
					<string>E4328148138ABC890047C5CB</string>
				</array>
				<key>isa</key>
				<string>PBXGroup</string>
				<key>name</key>
				<string>Products</string>
				<key>sourceTree</key>
				<string>&lt;group&gt;</string>
			</dict>
			<key>E4328147138ABC890047C5CB</key>
			<dict>
				<key>containerPortal</key>
				<string>E4328143138ABC890047C5CB</string>
				<key>isa</key>
				<string>PBXContainerItemProxy</string>
				<key>proxyType</key>
				<string>2</string>
				<key>remoteGlobalIDString</key>
				<string>E4B27C1510CBEB8E00536013</string>
				<key>remoteInfo</key>
				<string>openFrameworks</string>
			</dict>
			<key>E4328148138ABC890047C5CB</key>
			<dict>
				<key>fileType</key>
				<string>archive.ar</string>
				<key>isa</key>
				<string>PBXReferenceProxy</string>
				<key>path</key>
				<string>openFrameworksDebug.a</string>
				<key>remoteRef</key>
				<string>E4328147138ABC890047C5CB</string>
				<key>sourceTree</key>
				<string>BUILT_PRODUCTS_DIR</string>
			</dict>
			<key>E4328149138ABC9F0047C5CB</key>
			<dict>
				<key>fileRef</key>
				<string>E4328148138ABC890047C5CB</string>
				<key>isa</key>
				<string>PBXBuildFile</string>
			</dict>
			<key>E4B69B4A0A3A1720003C02F2</key>
			<dict>
				<key>children</key>
				<array>
					<string>E4B6FCAD0C3E899E008CF71C</string>
					<string>E4EB6923138AFD0F00A09F29</string>
					<string>E4B69E1C0A3A1BDC003C02F2</string>
					<string>E4EEC9E9138DF44700A80321</string>
					<string>BB4B014C10F69532006C3DED</string>
					<string>6948EE371B920CB800B5AC1A</string>
					<string>E4B69B5B0A3A1756003C02F2</string>
				</array>
				<key>isa</key>
				<string>PBXGroup</string>
				<key>sourceTree</key>
				<string>&lt;group&gt;</string>
			</dict>
			<key>E4B69B4C0A3A1720003C02F2</key>
			<dict>
				<key>attributes</key>
				<dict>
					<key>LastUpgradeCheck</key>
					<string>0600</string>
				</dict>
				<key>buildConfigurationList</key>
				<string>E4B69B4D0A3A1720003C02F2</string>
				<key>compatibilityVersion</key>
				<string>Xcode 3.2</string>
				<key>developmentRegion</key>
				<string>English</string>
				<key>hasScannedForEncodings</key>
				<string>0</string>
				<key>isa</key>
				<string>PBXProject</string>
				<key>knownRegions</key>
				<array>
					<string>English</string>
					<string>Japanese</string>
					<string>French</string>
					<string>German</string>
				</array>
				<key>mainGroup</key>
				<string>E4B69B4A0A3A1720003C02F2</string>
				<key>productRefGroup</key>
				<string>E4B69B4A0A3A1720003C02F2</string>
				<key>projectDirPath</key>
				<string />
				<key>projectReferences</key>
				<array>
					<dict>
						<key>ProductGroup</key>
						<string>E4328144138ABC890047C5CB</string>
						<key>ProjectRef</key>
						<string>E4328143138ABC890047C5CB</string>
					</dict>
				</array>
				<key>projectRoot</key>
				<string />
				<key>targets</key>
				<array>
					<string>E4B69B5A0A3A1756003C02F2</string>
				</array>
			</dict>
			<key>E4B69B4D0A3A1720003C02F2</key>
			<dict>
				<key>buildConfigurations</key>
				<array>
					<string>E4B69B4E0A3A1720003C02F2</string>
					<string>E4B69B4F0A3A1720003C02F2</string>
				</array>
				<key>defaultConfigurationIsVisible</key>
				<string>0</string>
				<key>defaultConfigurationName</key>
				<string>Release</string>
				<key>isa</key>
				<string>XCConfigurationList</string>
			</dict>
			<key>E4B69B4E0A3A1720003C02F2</key>
			<dict>
				<key>baseConfigurationReference</key>
				<string>E4EB6923138AFD0F00A09F29</string>
				<key>buildSettings</key>
				<dict>
					<key>OTHER_LDFLAGS</key>
					<array>
						<string>$(OF_CORE_FRAMEWORKS) $(OF_CORE_LIBS)</string>
						<string>../../../addons/ofxHapPlayer/libs/ffmpeg/lib/osx/libavcodec.57.64.101.dylib</string>
						<string>../../../addons/ofxHapPlayer/libs/ffmpeg/lib/osx/libavcodec.57.64.101.dylib</string>
						<string>../../../addons/ofxHapPlayer/libs/ffmpeg/lib/osx/libavcodec.57.64.101.dylib</string>
						<string>../../../addons/ofxHapPlayer/libs/ffmpeg/lib/osx/libavformat.57.56.101.dylib</string>
						<string>../../../addons/ofxHapPlayer/libs/ffmpeg/lib/osx/libavformat.57.56.101.dylib</string>
						<string>../../../addons/ofxHapPlayer/libs/ffmpeg/lib/osx/libavformat.57.56.101.dylib</string>
						<string>../../../addons/ofxHapPlayer/libs/ffmpeg/lib/osx/libavutil.55.34.101.dylib</string>
						<string>../../../addons/ofxHapPlayer/libs/ffmpeg/lib/osx/libavutil.55.34.101.dylib</string>
						<string>../../../addons/ofxHapPlayer/libs/ffmpeg/lib/osx/libavutil.55.34.101.dylib</string>
						<string>../../../addons/ofxHapPlayer/libs/ffmpeg/lib/osx/libswresample.2.3.100.dylib</string>
						<string>../../../addons/ofxHapPlayer/libs/ffmpeg/lib/osx/libswresample.2.3.100.dylib</string>
						<string>../../../addons/ofxHapPlayer/libs/ffmpeg/lib/osx/libswresample.2.3.100.dylib</string>
						<string>../../../addons/ofxHapPlayer/libs/snappy/lib/osx/libsnappy.1.dylib</string>
						<string>../../../addons/ofxHapPlayer/libs/snappy/lib/osx/libsnappy.1.dylib</string>
						<string>-rpath</string>
						<string>@loader_path/../../../../../../../addons/ofxHapPlayer/libs</string>
					</array>
					<key>HEADER_SEARCH_PATHS</key>
					<array>
						<string>$(OF_CORE_HEADERS)</string>
						<string>src</string>
						<string>../../../addons/ofxHapPlayer/libs</string>
						<string>../../../addons/ofxHapPlayer/libs/ffmpeg</string>
						<string>../../../addons/ofxHapPlayer/libs/ffmpeg/include</string>
						<string>../../../addons/ofxHapPlayer/libs/ffmpeg/include/libswresample</string>
						<string>../../../addons/ofxHapPlayer/libs/ffmpeg/lib</string>
						<string>../../../addons/ofxHapPlayer/libs/ffmpeg/lib/osx</string>
						<string>../../../addons/ofxHapPlayer/libs/hap</string>
						<string>../../../addons/ofxHapPlayer/libs/hap/src</string>
						<string>../../../addons/ofxHapPlayer/libs/ofxHap</string>
						<string>../../../addons/ofxHapPlayer/libs/ofxHap/include</string>
						<string>../../../addons/ofxHapPlayer/libs/ofxHap/include/ofxHap</string>
						<string>../../../addons/ofxHapPlayer/libs/ofxHap/src</string>
						<string>../../../addons/ofxHapPlayer/libs/snappy</string>
						<string>../../../addons/ofxHapPlayer/libs/snappy/include</string>
						<string>../../../addons/ofxHapPlayer/libs/snappy/lib</string>
						<string>../../../addons/ofxHapPlayer/libs/snappy/lib/osx</string>
						<string>../../../addons/ofxHapPlayer/libs/snappy/license</string>
						<string>../../../addons/ofxHapPlayer/src</string>
					</array>
					<key>CONFIGURATION_BUILD_DIR</key>
					<string>$(SRCROOT)/bin/</string>
					<key>COPY_PHASE_STRIP</key>
					<string>NO</string>
					<key>DEAD_CODE_STRIPPING</key>
					<string>YES</string>
					<key>GCC_AUTO_VECTORIZATION</key>
					<string>YES</string>
					<key>GCC_ENABLE_SSE3_EXTENSIONS</key>
					<string>YES</string>
					<key>GCC_ENABLE_SUPPLEMENTAL_SSE3_INSTRUCTIONS</key>
					<string>YES</string>
					<key>GCC_INLINES_ARE_PRIVATE_EXTERN</key>
					<string>NO</string>
					<key>GCC_OPTIMIZATION_LEVEL</key>
					<string>0</string>
					<key>GCC_SYMBOLS_PRIVATE_EXTERN</key>
					<string>NO</string>
					<key>GCC_WARN_ABOUT_DEPRECATED_FUNCTIONS</key>
					<string>YES</string>
					<key>GCC_WARN_ABOUT_INVALID_OFFSETOF_MACRO</key>
					<string>NO</string>
					<key>GCC_WARN_ALLOW_INCOMPLETE_PROTOCOL</key>
					<string>NO</string>
					<key>GCC_WARN_UNINITIALIZED_AUTOS</key>
					<string>NO</string>
					<key>GCC_WARN_UNUSED_VALUE</key>
					<string>NO</string>
					<key>GCC_WARN_UNUSED_VARIABLE</key>
					<string>NO</string>
					<key>MACOSX_DEPLOYMENT_TARGET</key>
					<string>10.8</string>
					<key>ONLY_ACTIVE_ARCH</key>
					<string>YES</string>
					<key>OTHER_CPLUSPLUSFLAGS</key>
					<array>
						<string>-D__MACOSX_CORE__</string>
						<string>-mtune=native</string>
					</array>
					<key>SDKROOT</key>
					<string>macosx</string>
				</dict>
				<key>isa</key>
				<string>XCBuildConfiguration</string>
				<key>name</key>
				<string>Debug</string>
			</dict>
			<key>E4B69B4F0A3A1720003C02F2</key>
			<dict>
				<key>baseConfigurationReference</key>
				<string>E4EB6923138AFD0F00A09F29</string>
				<key>buildSettings</key>
				<dict>
					<key>OTHER_LDFLAGS</key>
					<array>
						<string>$(OF_CORE_FRAMEWORKS) $(OF_CORE_LIBS)</string>
						<string>../../../addons/ofxHapPlayer/libs/ffmpeg/lib/osx/libavcodec.57.64.101.dylib</string>
						<string>../../../addons/ofxHapPlayer/libs/ffmpeg/lib/osx/libavcodec.57.64.101.dylib</string>
						<string>../../../addons/ofxHapPlayer/libs/ffmpeg/lib/osx/libavcodec.57.64.101.dylib</string>
						<string>../../../addons/ofxHapPlayer/libs/ffmpeg/lib/osx/libavformat.57.56.101.dylib</string>
						<string>../../../addons/ofxHapPlayer/libs/ffmpeg/lib/osx/libavformat.57.56.101.dylib</string>
						<string>../../../addons/ofxHapPlayer/libs/ffmpeg/lib/osx/libavformat.57.56.101.dylib</string>
						<string>../../../addons/ofxHapPlayer/libs/ffmpeg/lib/osx/libavutil.55.34.101.dylib</string>
						<string>../../../addons/ofxHapPlayer/libs/ffmpeg/lib/osx/libavutil.55.34.101.dylib</string>
						<string>../../../addons/ofxHapPlayer/libs/ffmpeg/lib/osx/libavutil.55.34.101.dylib</string>
						<string>../../../addons/ofxHapPlayer/libs/ffmpeg/lib/osx/libswresample.2.3.100.dylib</string>
						<string>../../../addons/ofxHapPlayer/libs/ffmpeg/lib/osx/libswresample.2.3.100.dylib</string>
						<string>../../../addons/ofxHapPlayer/libs/ffmpeg/lib/osx/libswresample.2.3.100.dylib</string>
						<string>../../../addons/ofxHapPlayer/libs/snappy/lib/osx/libsnappy.1.dylib</string>
						<string>../../../addons/ofxHapPlayer/libs/snappy/lib/osx/libsnappy.1.dylib</string>
						<string>-rpath</string>
						<string>@loader_path/../../../../../../../addons/ofxHapPlayer/libs</string>
					</array>
					<key>HEADER_SEARCH_PATHS</key>
					<array>
						<string>$(OF_CORE_HEADERS)</string>
						<string>src</string>
						<string>../../../addons/ofxHapPlayer/libs</string>
						<string>../../../addons/ofxHapPlayer/libs/ffmpeg</string>
						<string>../../../addons/ofxHapPlayer/libs/ffmpeg/include</string>
						<string>../../../addons/ofxHapPlayer/libs/ffmpeg/include/libswresample</string>
						<string>../../../addons/ofxHapPlayer/libs/ffmpeg/lib</string>
						<string>../../../addons/ofxHapPlayer/libs/ffmpeg/lib/osx</string>
						<string>../../../addons/ofxHapPlayer/libs/hap</string>
						<string>../../../addons/ofxHapPlayer/libs/hap/src</string>
						<string>../../../addons/ofxHapPlayer/libs/ofxHap</string>
						<string>../../../addons/ofxHapPlayer/libs/ofxHap/include</string>
						<string>../../../addons/ofxHapPlayer/libs/ofxHap/include/ofxHap</string>
						<string>../../../addons/ofxHapPlayer/libs/ofxHap/src</string>
						<string>../../../addons/ofxHapPlayer/libs/snappy</string>
						<string>../../../addons/ofxHapPlayer/libs/snappy/include</string>
						<string>../../../addons/ofxHapPlayer/libs/snappy/lib</string>
						<string>../../../addons/ofxHapPlayer/libs/snappy/lib/osx</string>
						<string>../../../addons/ofxHapPlayer/libs/snappy/license</string>
						<string>../../../addons/ofxHapPlayer/src</string>
					</array>
					<key>CONFIGURATION_BUILD_DIR</key>
					<string>$(SRCROOT)/bin/</string>
					<key>COPY_PHASE_STRIP</key>
					<string>YES</string>
					<key>DEAD_CODE_STRIPPING</key>
					<string>YES</string>
					<key>GCC_AUTO_VECTORIZATION</key>
					<string>YES</string>
					<key>GCC_ENABLE_SSE3_EXTENSIONS</key>
					<string>YES</string>
					<key>GCC_ENABLE_SUPPLEMENTAL_SSE3_INSTRUCTIONS</key>
					<string>YES</string>
					<key>GCC_INLINES_ARE_PRIVATE_EXTERN</key>
					<string>NO</string>
					<key>GCC_OPTIMIZATION_LEVEL</key>
					<string>3</string>
					<key>GCC_SYMBOLS_PRIVATE_EXTERN</key>
					<string>NO</string>
					<key>GCC_UNROLL_LOOPS</key>
					<string>YES</string>
					<key>GCC_WARN_ABOUT_DEPRECATED_FUNCTIONS</key>
					<string>YES</string>
					<key>GCC_WARN_ABOUT_INVALID_OFFSETOF_MACRO</key>
					<string>NO</string>
					<key>GCC_WARN_ALLOW_INCOMPLETE_PROTOCOL</key>
					<string>NO</string>
					<key>GCC_WARN_UNINITIALIZED_AUTOS</key>
					<string>NO</string>
					<key>GCC_WARN_UNUSED_VALUE</key>
					<string>NO</string>
					<key>GCC_WARN_UNUSED_VARIABLE</key>
					<string>NO</string>
					<key>MACOSX_DEPLOYMENT_TARGET</key>
					<string>10.8</string>
					<key>OTHER_CPLUSPLUSFLAGS</key>
					<array>
						<string>-D__MACOSX_CORE__</string>
						<string>-mtune=native</string>
					</array>
					<key>SDKROOT</key>
					<string>macosx</string>
				</dict>
				<key>isa</key>
				<string>XCBuildConfiguration</string>
				<key>name</key>
				<string>Release</string>
			</dict>
			<key>E4B69B580A3A1756003C02F2</key>
			<dict>
				<key>buildActionMask</key>
				<string>2147483647</string>
				<key>files</key>
				<array>
					<string>E4B69E200A3A1BDC003C02F2</string>
					<string>E4B69E210A3A1BDC003C02F2</string>
					<string>9DECE28DE972DD39553DD35C</string>
					<string>D2589C81FE555C37DFA9890C</string>
					<string>9A375B432B98EE95A23FD001</string>
					<string>25F76A53846BBC81A84C5519</string>
					<string>4B9BF6D1580B334023C9FA9F</string>
					<string>4774F36141444127CFF18422</string>
					<string>8B40DD2B41C58FF6B6907B86</string>
					<string>6D4C0ECBC21CF195A5BDBE31</string>
					<string>2302C21FAE47D435CF095990</string>
					<string>4EC00043E3376C87F0ECA874</string>
					<string>AF24098F3EE61E761F184C8F</string>
				</array>
				<key>isa</key>
				<string>PBXSourcesBuildPhase</string>
				<key>runOnlyForDeploymentPostprocessing</key>
				<string>0</string>
			</dict>
			<key>E4B69B590A3A1756003C02F2</key>
			<dict>
				<key>buildActionMask</key>
				<string>2147483647</string>
				<key>files</key>
				<array>
					<string>E4328149138ABC9F0047C5CB</string>
				</array>
				<key>isa</key>
				<string>PBXFrameworksBuildPhase</string>
				<key>runOnlyForDeploymentPostprocessing</key>
				<string>0</string>
			</dict>
			<key>E4B69B5A0A3A1756003C02F2</key>
			<dict>
				<key>buildConfigurationList</key>
				<string>E4B69B5F0A3A1757003C02F2</string>
				<key>buildPhases</key>
				<array>
					<string>E4B69B580A3A1756003C02F2</string>
					<string>E4B69B590A3A1756003C02F2</string>
					<string>E4B6FFFD0C3F9AB9008CF71C</string>
					<string>E4C2427710CC5ABF004149E2</string>
				</array>
				<key>buildRules</key>
				<array />
				<key>dependencies</key>
				<array>
					<string>E4EEB9AC138B136A00A80321</string>
				</array>
				<key>isa</key>
				<string>PBXNativeTarget</string>
				<key>name</key>
				<string>example</string>
				<key>productName</key>
				<string>myOFApp</string>
				<key>productReference</key>
				<string>E4B69B5B0A3A1756003C02F2</string>
				<key>productType</key>
				<string>com.apple.product-type.application</string>
			</dict>
			<key>E4B69B5B0A3A1756003C02F2</key>
			<dict>
				<key>explicitFileType</key>
				<string>wrapper.application</string>
				<key>includeInIndex</key>
				<string>0</string>
				<key>isa</key>
				<string>PBXFileReference</string>
				<key>path</key>
				<string>exampleDebug.app</string>
				<key>sourceTree</key>
				<string>BUILT_PRODUCTS_DIR</string>
			</dict>
			<key>E4B69B5F0A3A1757003C02F2</key>
			<dict>
				<key>buildConfigurations</key>
				<array>
					<string>E4B69B600A3A1757003C02F2</string>
					<string>E4B69B610A3A1757003C02F2</string>
				</array>
				<key>defaultConfigurationIsVisible</key>
				<string>0</string>
				<key>defaultConfigurationName</key>
				<string>Release</string>
				<key>isa</key>
				<string>XCConfigurationList</string>
			</dict>
			<key>E4B69B600A3A1757003C02F2</key>
			<dict>
				<key>baseConfigurationReference</key>
				<string>E4EB6923138AFD0F00A09F29</string>
				<key>buildSettings</key>
				<dict>
					<key>OTHER_LDFLAGS</key>
					<array>
						<string>$(OF_CORE_FRAMEWORKS) $(OF_CORE_LIBS)</string>
						<string>../../../addons/ofxHapPlayer/libs/ffmpeg/lib/osx/libavcodec.57.64.101.dylib</string>
						<string>../../../addons/ofxHapPlayer/libs/ffmpeg/lib/osx/libavcodec.57.64.101.dylib</string>
						<string>../../../addons/ofxHapPlayer/libs/ffmpeg/lib/osx/libavcodec.57.64.101.dylib</string>
						<string>../../../addons/ofxHapPlayer/libs/ffmpeg/lib/osx/libavformat.57.56.101.dylib</string>
						<string>../../../addons/ofxHapPlayer/libs/ffmpeg/lib/osx/libavformat.57.56.101.dylib</string>
						<string>../../../addons/ofxHapPlayer/libs/ffmpeg/lib/osx/libavformat.57.56.101.dylib</string>
						<string>../../../addons/ofxHapPlayer/libs/ffmpeg/lib/osx/libavutil.55.34.101.dylib</string>
						<string>../../../addons/ofxHapPlayer/libs/ffmpeg/lib/osx/libavutil.55.34.101.dylib</string>
						<string>../../../addons/ofxHapPlayer/libs/ffmpeg/lib/osx/libavutil.55.34.101.dylib</string>
						<string>../../../addons/ofxHapPlayer/libs/ffmpeg/lib/osx/libswresample.2.3.100.dylib</string>
						<string>../../../addons/ofxHapPlayer/libs/ffmpeg/lib/osx/libswresample.2.3.100.dylib</string>
						<string>../../../addons/ofxHapPlayer/libs/ffmpeg/lib/osx/libswresample.2.3.100.dylib</string>
						<string>../../../addons/ofxHapPlayer/libs/snappy/lib/osx/libsnappy.1.dylib</string>
						<string>../../../addons/ofxHapPlayer/libs/snappy/lib/osx/libsnappy.1.dylib</string>
						<string>-rpath</string>
						<string>@loader_path/../../../../../../../addons/ofxHapPlayer/libs</string>
					</array>
					<key>HEADER_SEARCH_PATHS</key>
					<array>
						<string>$(OF_CORE_HEADERS)</string>
						<string>src</string>
						<string>../../../addons/ofxHapPlayer/libs</string>
						<string>../../../addons/ofxHapPlayer/libs/ffmpeg</string>
						<string>../../../addons/ofxHapPlayer/libs/ffmpeg/include</string>
						<string>../../../addons/ofxHapPlayer/libs/ffmpeg/include/libswresample</string>
						<string>../../../addons/ofxHapPlayer/libs/ffmpeg/lib</string>
						<string>../../../addons/ofxHapPlayer/libs/ffmpeg/lib/osx</string>
						<string>../../../addons/ofxHapPlayer/libs/hap</string>
						<string>../../../addons/ofxHapPlayer/libs/hap/src</string>
						<string>../../../addons/ofxHapPlayer/libs/ofxHap</string>
						<string>../../../addons/ofxHapPlayer/libs/ofxHap/include</string>
						<string>../../../addons/ofxHapPlayer/libs/ofxHap/include/ofxHap</string>
						<string>../../../addons/ofxHapPlayer/libs/ofxHap/src</string>
						<string>../../../addons/ofxHapPlayer/libs/snappy</string>
						<string>../../../addons/ofxHapPlayer/libs/snappy/include</string>
						<string>../../../addons/ofxHapPlayer/libs/snappy/lib</string>
						<string>../../../addons/ofxHapPlayer/libs/snappy/lib/osx</string>
						<string>../../../addons/ofxHapPlayer/libs/snappy/license</string>
						<string>../../../addons/ofxHapPlayer/src</string>
					</array>
					<key>COMBINE_HIDPI_IMAGES</key>
					<string>YES</string>
					<key>COPY_PHASE_STRIP</key>
					<string>NO</string>
					<key>FRAMEWORK_SEARCH_PATHS</key>
					<array>
						<string>$(inherited)</string>
						<string>$(FRAMEWORK_SEARCH_PATHS_QUOTED_FOR_TARGET_1)</string>
					</array>
					<key>FRAMEWORK_SEARCH_PATHS_QUOTED_FOR_TARGET_1</key>
					<string>"$(SRCROOT)/../../../libs/glut/lib/osx"</string>
					<key>GCC_DYNAMIC_NO_PIC</key>
					<string>NO</string>
					<key>GCC_GENERATE_DEBUGGING_SYMBOLS</key>
					<string>YES</string>
					<key>GCC_MODEL_TUNING</key>
					<string>NONE</string>
					<key>ICON</key>
					<string>$(ICON_NAME_DEBUG)</string>
					<key>ICON_FILE</key>
					<string>$(ICON_FILE_PATH)$(ICON)</string>
					<key>INFOPLIST_FILE</key>
					<string>openFrameworks-Info.plist</string>
					<key>INSTALL_PATH</key>
					<string>/Applications</string>
					<key>LIBRARY_SEARCH_PATHS</key>
					<string>$(inherited)</string>
					<key>PRODUCT_NAME</key>
					<string>$(TARGET_NAME)Debug</string>
					<key>WRAPPER_EXTENSION</key>
					<string>app</string>
				</dict>
				<key>isa</key>
				<string>XCBuildConfiguration</string>
				<key>name</key>
				<string>Debug</string>
			</dict>
			<key>E4B69B610A3A1757003C02F2</key>
			<dict>
				<key>baseConfigurationReference</key>
				<string>E4EB6923138AFD0F00A09F29</string>
				<key>buildSettings</key>
				<dict>
					<key>OTHER_LDFLAGS</key>
					<array>
						<string>$(OF_CORE_FRAMEWORKS) $(OF_CORE_LIBS)</string>
						<string>../../../addons/ofxHapPlayer/libs/ffmpeg/lib/osx/libavcodec.57.64.101.dylib</string>
						<string>../../../addons/ofxHapPlayer/libs/ffmpeg/lib/osx/libavcodec.57.64.101.dylib</string>
						<string>../../../addons/ofxHapPlayer/libs/ffmpeg/lib/osx/libavcodec.57.64.101.dylib</string>
						<string>../../../addons/ofxHapPlayer/libs/ffmpeg/lib/osx/libavformat.57.56.101.dylib</string>
						<string>../../../addons/ofxHapPlayer/libs/ffmpeg/lib/osx/libavformat.57.56.101.dylib</string>
						<string>../../../addons/ofxHapPlayer/libs/ffmpeg/lib/osx/libavformat.57.56.101.dylib</string>
						<string>../../../addons/ofxHapPlayer/libs/ffmpeg/lib/osx/libavutil.55.34.101.dylib</string>
						<string>../../../addons/ofxHapPlayer/libs/ffmpeg/lib/osx/libavutil.55.34.101.dylib</string>
						<string>../../../addons/ofxHapPlayer/libs/ffmpeg/lib/osx/libavutil.55.34.101.dylib</string>
						<string>../../../addons/ofxHapPlayer/libs/ffmpeg/lib/osx/libswresample.2.3.100.dylib</string>
						<string>../../../addons/ofxHapPlayer/libs/ffmpeg/lib/osx/libswresample.2.3.100.dylib</string>
						<string>../../../addons/ofxHapPlayer/libs/ffmpeg/lib/osx/libswresample.2.3.100.dylib</string>
						<string>../../../addons/ofxHapPlayer/libs/snappy/lib/osx/libsnappy.1.dylib</string>
						<string>../../../addons/ofxHapPlayer/libs/snappy/lib/osx/libsnappy.1.dylib</string>
						<string>-rpath</string>
						<string>@loader_path/../../../../../../../addons/ofxHapPlayer/libs</string>
					</array>
					<key>HEADER_SEARCH_PATHS</key>
					<array>
						<string>$(OF_CORE_HEADERS)</string>
						<string>src</string>
						<string>../../../addons/ofxHapPlayer/libs</string>
						<string>../../../addons/ofxHapPlayer/libs/ffmpeg</string>
						<string>../../../addons/ofxHapPlayer/libs/ffmpeg/include</string>
						<string>../../../addons/ofxHapPlayer/libs/ffmpeg/include/libswresample</string>
						<string>../../../addons/ofxHapPlayer/libs/ffmpeg/lib</string>
						<string>../../../addons/ofxHapPlayer/libs/ffmpeg/lib/osx</string>
						<string>../../../addons/ofxHapPlayer/libs/hap</string>
						<string>../../../addons/ofxHapPlayer/libs/hap/src</string>
						<string>../../../addons/ofxHapPlayer/libs/ofxHap</string>
						<string>../../../addons/ofxHapPlayer/libs/ofxHap/include</string>
						<string>../../../addons/ofxHapPlayer/libs/ofxHap/include/ofxHap</string>
						<string>../../../addons/ofxHapPlayer/libs/ofxHap/src</string>
						<string>../../../addons/ofxHapPlayer/libs/snappy</string>
						<string>../../../addons/ofxHapPlayer/libs/snappy/include</string>
						<string>../../../addons/ofxHapPlayer/libs/snappy/lib</string>
						<string>../../../addons/ofxHapPlayer/libs/snappy/lib/osx</string>
						<string>../../../addons/ofxHapPlayer/libs/snappy/license</string>
						<string>../../../addons/ofxHapPlayer/src</string>
					</array>
					<key>COMBINE_HIDPI_IMAGES</key>
					<string>YES</string>
					<key>COPY_PHASE_STRIP</key>
					<string>YES</string>
					<key>FRAMEWORK_SEARCH_PATHS</key>
					<array>
						<string>$(inherited)</string>
						<string>$(FRAMEWORK_SEARCH_PATHS_QUOTED_FOR_TARGET_1)</string>
					</array>
					<key>FRAMEWORK_SEARCH_PATHS_QUOTED_FOR_TARGET_1</key>
					<string>"$(SRCROOT)/../../../libs/glut/lib/osx"</string>
					<key>GCC_GENERATE_DEBUGGING_SYMBOLS</key>
					<string>YES</string>
					<key>GCC_MODEL_TUNING</key>
					<string>NONE</string>
					<key>ICON</key>
					<string>$(ICON_NAME_RELEASE)</string>
					<key>ICON_FILE</key>
					<string>$(ICON_FILE_PATH)$(ICON)</string>
					<key>INFOPLIST_FILE</key>
					<string>openFrameworks-Info.plist</string>
					<key>INSTALL_PATH</key>
					<string>/Applications</string>
					<key>LIBRARY_SEARCH_PATHS</key>
					<string>$(inherited)</string>
					<key>PRODUCT_NAME</key>
					<string>$(TARGET_NAME)</string>
					<key>WRAPPER_EXTENSION</key>
					<string>app</string>
					<key>baseConfigurationReference</key>
					<string>E4EB6923138AFD0F00A09F29</string>
				</dict>
				<key>isa</key>
				<string>XCBuildConfiguration</string>
				<key>name</key>
				<string>Release</string>
			</dict>
			<key>E4B69E1C0A3A1BDC003C02F2</key>
			<dict>
				<key>children</key>
				<array>
					<string>E4B69E1D0A3A1BDC003C02F2</string>
					<string>E4B69E1E0A3A1BDC003C02F2</string>
					<string>E4B69E1F0A3A1BDC003C02F2</string>
				</array>
				<key>isa</key>
				<string>PBXGroup</string>
				<key>path</key>
				<string>src</string>
				<key>sourceTree</key>
				<string>SOURCE_ROOT</string>
			</dict>
			<key>E4B69E1D0A3A1BDC003C02F2</key>
			<dict>
				<key>fileEncoding</key>
				<string>30</string>
				<key>isa</key>
				<string>PBXFileReference</string>
				<key>lastKnownFileType</key>
				<string>sourcecode.cpp.cpp</string>
				<key>name</key>
				<string>main.cpp</string>
				<key>path</key>
				<string>src/main.cpp</string>
				<key>sourceTree</key>
				<string>SOURCE_ROOT</string>
			</dict>
			<key>E4B69E1E0A3A1BDC003C02F2</key>
			<dict>
				<key>explicitFileType</key>
				<string>sourcecode.cpp.cpp</string>
				<key>fileEncoding</key>
				<string>30</string>
				<key>isa</key>
				<string>PBXFileReference</string>
				<key>name</key>
				<string>ofApp.cpp</string>
				<key>path</key>
				<string>src/ofApp.cpp</string>
				<key>sourceTree</key>
				<string>SOURCE_ROOT</string>
			</dict>
			<key>E4B69E1F0A3A1BDC003C02F2</key>
			<dict>
				<key>fileEncoding</key>
				<string>30</string>
				<key>isa</key>
				<string>PBXFileReference</string>
				<key>lastKnownFileType</key>
				<string>sourcecode.c.h</string>
				<key>name</key>
				<string>ofApp.h</string>
				<key>path</key>
				<string>src/ofApp.h</string>
				<key>sourceTree</key>
				<string>SOURCE_ROOT</string>
			</dict>
			<key>E4B69E200A3A1BDC003C02F2</key>
			<dict>
				<key>fileRef</key>
				<string>E4B69E1D0A3A1BDC003C02F2</string>
				<key>isa</key>
				<string>PBXBuildFile</string>
			</dict>
			<key>E4B69E210A3A1BDC003C02F2</key>
			<dict>
				<key>fileRef</key>
				<string>E4B69E1E0A3A1BDC003C02F2</string>
				<key>isa</key>
				<string>PBXBuildFile</string>
			</dict>
			<key>E4B6FCAD0C3E899E008CF71C</key>
			<dict>
				<key>fileEncoding</key>
				<string>30</string>
				<key>isa</key>
				<string>PBXFileReference</string>
				<key>lastKnownFileType</key>
				<string>text.plist.xml</string>
				<key>path</key>
				<string>openFrameworks-Info.plist</string>
				<key>sourceTree</key>
				<string>&lt;group&gt;</string>
			</dict>
			<key>E4B6FFFD0C3F9AB9008CF71C</key>
			<dict>
				<key>buildActionMask</key>
				<string>2147483647</string>
				<key>files</key>
				<array />
				<key>inputPaths</key>
				<array />
				<key>isa</key>
				<string>PBXShellScriptBuildPhase</string>
				<key>outputPaths</key>
				<array />
				<key>runOnlyForDeploymentPostprocessing</key>
				<string>0</string>
				<key>shellPath</key>
				<string>/bin/sh</string>
				<key>shellScript</key>
				<string>mkdir -p "$TARGET_BUILD_DIR/$PRODUCT_NAME.app/Contents/Resources/"
# Copy default icon file into App/Resources
rsync -aved "$ICON_FILE" "$TARGET_BUILD_DIR/$PRODUCT_NAME.app/Contents/Resources/"
# Copy libfmod and change install directory for fmod to run
rsync -aved ../../../libs/fmodex/lib/osx/libfmodex.dylib "$TARGET_BUILD_DIR/$PRODUCT_NAME.app/Contents/Frameworks/";
install_name_tool -change @executable_path/libfmodex.dylib @executable_path/../Frameworks/libfmodex.dylib "$TARGET_BUILD_DIR/$PRODUCT_NAME.app/Contents/MacOS/$PRODUCT_NAME";
# Copy GLUT framework (must remove for AppStore submissions)
rsync -aved ../../../libs/glut/lib/osx/GLUT.framework "$TARGET_BUILD_DIR/$PRODUCT_NAME.app/Contents/Frameworks/"
</string>
			</dict>
			<key>E4C2427710CC5ABF004149E2</key>
			<dict>
				<key>buildActionMask</key>
				<string>2147483647</string>
				<key>dstPath</key>
				<string />
				<key>dstSubfolderSpec</key>
				<string>10</string>
				<key>files</key>
				<array />
				<key>isa</key>
				<string>PBXCopyFilesBuildPhase</string>
				<key>runOnlyForDeploymentPostprocessing</key>
				<string>0</string>
			</dict>
			<key>E4EB691F138AFCF100A09F29</key>
			<dict>
				<key>fileEncoding</key>
				<string>4</string>
				<key>isa</key>
				<string>PBXFileReference</string>
				<key>lastKnownFileType</key>
				<string>text.xcconfig</string>
				<key>name</key>
				<string>CoreOF.xcconfig</string>
				<key>path</key>
				<string>../../../libs/openFrameworksCompiled/project/osx/CoreOF.xcconfig</string>
				<key>sourceTree</key>
				<string>SOURCE_ROOT</string>
			</dict>
			<key>E4EB6923138AFD0F00A09F29</key>
			<dict>
				<key>fileEncoding</key>
				<string>4</string>
				<key>isa</key>
				<string>PBXFileReference</string>
				<key>lastKnownFileType</key>
				<string>text.xcconfig</string>
				<key>path</key>
				<string>Project.xcconfig</string>
				<key>sourceTree</key>
				<string>&lt;group&gt;</string>
			</dict>
			<key>E4EEB9AB138B136A00A80321</key>
			<dict>
				<key>containerPortal</key>
				<string>E4328143138ABC890047C5CB</string>
				<key>isa</key>
				<string>PBXContainerItemProxy</string>
				<key>proxyType</key>
				<string>1</string>
				<key>remoteGlobalIDString</key>
				<string>E4B27C1410CBEB8E00536013</string>
				<key>remoteInfo</key>
				<string>openFrameworks</string>
			</dict>
			<key>E4EEB9AC138B136A00A80321</key>
			<dict>
				<key>isa</key>
				<string>PBXTargetDependency</string>
				<key>name</key>
				<string>openFrameworks</string>
				<key>targetProxy</key>
				<string>E4EEB9AB138B136A00A80321</string>
			</dict>
			<key>E4EEC9E9138DF44700A80321</key>
			<dict>
				<key>children</key>
				<array>
					<string>E4EB691F138AFCF100A09F29</string>
					<string>E4328143138ABC890047C5CB</string>
				</array>
				<key>isa</key>
				<string>PBXGroup</string>
				<key>name</key>
				<string>openFrameworks</string>
				<key>sourceTree</key>
				<string>&lt;group&gt;</string>
			</dict>
		</dict>
		<key>rootObject</key>
		<string>E4B69B4C0A3A1720003C02F2</string>
	</dict>
</plist>
