{
	"archiveVersion": "1",
	"classes": {},
	"objectVersion": "54",
	"objects": {
		"059A92BB-2D6C-4027-B6FD-43484E274471": {
			"explicitFileType": "sourcecode.c.h",
			"fileEncoding": "4",
			"isa": "PBXFileReference",
			"name": "AudioResampler.h",
			"path": "../../../addons/ofxHapPlayer/libs/ofxHap/include/ofxHap/AudioResampler.h",
			"sourceTree": "SOURCE_ROOT"
		},
		"07590BA3-A866-4FC0-8FCE-CE1BB59C8A2E": {
			"fileRef": "F116C2C8-B018-4DC5-8B24-7C83ABE17D40",
			"isa": "PBXBuildFile",
			"settings": {
				"ATTRIBUTES": [
					"CodeSignOnCopy"
				]
			}
		},
		"087FA3A9-08CB-4FC9-A706-B8C691ACFFC6": {
			"explicitFileType": "sourcecode.c.h",
			"fileEncoding": "4",
			"isa": "PBXFileReference",
			"name": "Demuxer.h",
			"path": "../../../addons/ofxHapPlayer/libs/ofxHap/include/ofxHap/Demuxer.h",
			"sourceTree": "SOURCE_ROOT"
		},
		"102B9359-F2A5-44FB-ADBB-DA9AF513DFAD": {
			"isa": "PBXFileReference",
			"lastKnownFileType": "compiled.mach-o.dylib",
			"name": "libswresample.dylib",
			"path": "../../../addons/ofxHapPlayer/libs/ffmpeg/lib/osx/libswresample.dylib",
			"sourceTree": "SOURCE_ROOT"
		},
		"104EC67E-D521-49E0-B4FB-9F5434150FA2": {
			"explicitFileType": "sourcecode.c.h",
			"fileEncoding": "4",
			"isa": "PBXFileReference",
			"name": "AudioParameters.h",
			"path": "../../../addons/ofxHapPlayer/libs/ofxHap/include/ofxHap/AudioParameters.h",
			"sourceTree": "SOURCE_ROOT"
		},
		"191CD6FA2847E21E0085CBB6": {
			"fileEncoding": "4",
			"isa": "PBXFileReference",
			"lastKnownFileType": "text.plist.entitlements",
			"path": "of.entitlements",
			"sourceTree": "<group>"
		},
		"191EF70929D778A400F35F26": {
			"isa": "PBXFileReference",
			"lastKnownFileType": "folder",
			"name": "openFrameworks",
			"path": "../../../libs/openFrameworks",
			"sourceTree": "SOURCE_ROOT"
		},
		"19B789C429E5AB4A0082E9B8": {
			"buildActionMask": "2147483647",
			"files": [],
			"inputFileListPaths": [],
			"inputPaths": [],
			"isa": "PBXShellScriptBuildPhase",
			"outputFileListPaths": [],
			"outputPaths": [],
			"runOnlyForDeploymentPostprocessing": "0",
			"shellPath": "/bin/sh",
			"shellScript": "\"$OF_PATH/scripts/osx/xcode_project.sh\"\n",
			"showEnvVarsInLog": "0"
		},
		"1C990859-C7E0-41F5-9655-30DB8BE6A3EC": {
			"fileRef": "102B9359-F2A5-44FB-ADBB-DA9AF513DFAD",
			"isa": "PBXBuildFile",
			"settings": {
				"ATTRIBUTES": [
					"CodeSignOnCopy"
				]
			}
		},
		"1D814B3E-49A8-400A-9A02-0B3E58143C11": {
			"fileRef": "63390D66-B677-469F-B477-D2931198AE1F",
			"isa": "PBXBuildFile",
			"settings": {
				"ATTRIBUTES": [
					"CodeSignOnCopy"
				]
			}
		},
		"1DD696F0-850C-4DF2-B539-1E60376B9EAC": {
			"isa": "PBXFileReference",
			"lastKnownFileType": "compiled.mach-o.dylib",
			"name": "libavcodec.58.134.100.dylib",
			"path": "../../../addons/ofxHapPlayer/libs/ffmpeg/lib/osx/libavcodec.58.134.100.dylib",
			"sourceTree": "SOURCE_ROOT"
		},
		"20735E83-FB6B-40F7-94B6-CFABFA41EF9E": {
			"fileRef": "B25C467B-7B27-4C28-B671-015A0D19052B",
			"isa": "PBXBuildFile"
		},
		"22300478-4E1D-4F9B-9508-2137C80B6326": {
			"fileRef": "468AD885-AEE9-4AAA-B147-5AD4DAB6DC37",
			"isa": "PBXBuildFile",
			"settings": {
				"ATTRIBUTES": [
					"CodeSignOnCopy"
				]
			}
		},
		"233F1623-2DE7-4798-8147-2E8AA55E7CDD": {
			"fileRef": "9DC271BE-5984-45CA-AFF2-14A9458036C9",
			"isa": "PBXBuildFile"
		},
		"23D89590-7387-4788-8C1A-97931DF575CA": {
			"fileRef": "C2BEDBC0-3F4C-43F2-B83A-15862D79B3CD",
			"isa": "PBXBuildFile",
			"settings": {
				"ATTRIBUTES": [
					"CodeSignOnCopy"
				]
			}
		},
		"24FA4E94-BFB1-4684-ACFB-D7EB579574A3": {
			"fileRef": "342AFF6D-1DB9-4DE5-A3BF-8A5269D58034",
			"isa": "PBXBuildFile",
			"settings": {
				"ATTRIBUTES": [
					"CodeSignOnCopy"
				]
			}
		},
		"25C7D405-65B2-43C4-B75C-7068C529E6B6": {
			"fileRef": "8FE9D217-461E-4E72-9E43-2B27FC2458C7",
			"isa": "PBXBuildFile"
		},
		"27C14B66-C068-4805-8906-E17E57297C6F": {
			"fileRef": "D10986F9-4DD9-48D2-AAEA-C6C6CF0D2B9C",
			"isa": "PBXBuildFile"
		},
		"2D4F2917-A74F-4316-B3C8-097EB19913B9": {
			"isa": "PBXFileReference",
			"lastKnownFileType": "compiled.mach-o.dylib",
			"name": "libavformat.58.76.100.dylib",
			"path": "../../../addons/ofxHapPlayer/libs/ffmpeg/lib/osx/libavformat.58.76.100.dylib",
			"sourceTree": "SOURCE_ROOT"
		},
		"2EA99187-090D-4762-A735-FCBE47AA5EEE": {
			"fileRef": "CC08E18A-4D2C-429E-909C-B3B32622ED42",
			"isa": "PBXBuildFile"
		},
		"2F1C09C0-7D48-4D1E-BABF-AC6F5962B957": {
			"explicitFileType": "sourcecode.c.h",
			"fileEncoding": "4",
			"isa": "PBXFileReference",
			"name": "hap.h",
			"path": "../../../addons/ofxHapPlayer/libs/hap/src/hap.h",
			"sourceTree": "SOURCE_ROOT"
		},
		"32646E0D-1C48-4365-AB1E-55C3E6706E81": {
			"fileRef": "1DD696F0-850C-4DF2-B539-1E60376B9EAC",
			"isa": "PBXBuildFile",
			"settings": {
				"ATTRIBUTES": [
					"CodeSignOnCopy"
				]
			}
		},
		"33927610-4A2C-4C91-9142-D3E104C239CC": {
			"isa": "PBXFileReference",
			"lastKnownFileType": "compiled.mach-o.dylib",
			"name": "libavutil.56.70.100.dylib",
			"path": "../../../addons/ofxHapPlayer/libs/ffmpeg/lib/osx/libavutil.56.70.100.dylib",
			"sourceTree": "SOURCE_ROOT"
		},
		"342AFF6D-1DB9-4DE5-A3BF-8A5269D58034": {
			"isa": "PBXFileReference",
			"lastKnownFileType": "compiled.mach-o.dylib",
			"name": "libavcodec.dylib",
			"path": "../../../addons/ofxHapPlayer/libs/ffmpeg/lib/osx/libavcodec.dylib",
			"sourceTree": "SOURCE_ROOT"
		},
		"3A981324-7090-449E-8852-53049DB20509": {
			"explicitFileType": "sourcecode.cpp.cpp",
			"fileEncoding": "4",
			"isa": "PBXFileReference",
			"name": "Clock.cpp",
			"path": "../../../addons/ofxHapPlayer/libs/ofxHap/src/Clock.cpp",
			"sourceTree": "SOURCE_ROOT"
		},
		"3BE10295-4228-4A23-808B-0A5AADAADCAF": {
			"fileRef": "778B9F2D-C501-4969-810B-A4169F04EDBD",
			"isa": "PBXBuildFile",
			"settings": {
				"ATTRIBUTES": [
					"CodeSignOnCopy"
				]
			}
		},
		"3E3CD2EF-959F-4242-9E4C-0F89ADB489B8": {
			"children": [
				"69756200-EE32-46A9-9AF5-9EB9D12C70CA",
				"AAB61D82-5505-4E4C-BF94-E83D776DB1B5"
			],
			"isa": "PBXGroup",
			"name": "ofxHap",
			"path": "../../../addons/ofxHapPlayer/libs/ofxHap",
			"sourceTree": "SOURCE_ROOT"
		},
		"468AD885-AEE9-4AAA-B147-5AD4DAB6DC37": {
			"isa": "PBXFileReference",
			"lastKnownFileType": "compiled.mach-o.dylib",
			"name": "libswresample.3.dylib",
			"path": "../../../addons/ofxHapPlayer/libs/ffmpeg/lib/osx/libswresample.3.dylib",
			"sourceTree": "SOURCE_ROOT"
		},
		"521019DB-B198-410D-95DB-5678730A75BD": {
			"fileRef": "9318A28C-C9EF-4C02-808C-71F38D339DB7",
			"isa": "PBXBuildFile",
			"settings": {
				"ATTRIBUTES": [
					"CodeSignOnCopy"
				]
			}
		},
		"557B9081-AACD-4D64-BB49-7493737F82FB": {
			"children": [
				"B0D3EA48-94EF-481C-A952-CED3B9F707DF",
				"104EC67E-D521-49E0-B4FB-9F5434150FA2",
				"059A92BB-2D6C-4027-B6FD-43484E274471",
				"E177462C-628F-480E-87B0-6A68BD126B70",
				"EA561E01-A1D2-41F5-8804-738CF09A0065",
				"B5EFE600-F7DC-4D7C-BF47-EBBFDCAD9984",
				"087FA3A9-08CB-4FC9-A706-B8C691ACFFC6",
				"CE86AAFD-55DD-42BA-B673-7F169D3C5CEA",
				"EE3601C7-6C76-4783-9EB7-2304542367CF",
				"98BD89BE-4E8B-4D13-B3F8-939259838598",
				"FCB4BCC3-719D-404E-93EF-B236AA953E79",
				"A9D3CC15-BA78-45D9-89DB-5F00908FBB50"
			],
			"isa": "PBXGroup",
			"name": "ofxHap",
			"path": "../../../addons/ofxHapPlayer/libs/ofxHap/include/ofxHap",
			"sourceTree": "SOURCE_ROOT"
		},
		"59A6C212-E72C-421A-B731-9BAADF2CF746": {
			"fileRef": "468AD885-AEE9-4AAA-B147-5AD4DAB6DC37",
			"isa": "PBXBuildFile",
			"settings": {
				"ATTRIBUTES": [
					"CodeSignOnCopy"
				]
			}
		},
		"5D9714F8-AD71-46BA-88BA-A55956617D76": {
			"fileRef": "2D4F2917-A74F-4316-B3C8-097EB19913B9",
			"isa": "PBXBuildFile",
			"settings": {
				"ATTRIBUTES": [
					"CodeSignOnCopy"
				]
			}
		},
		"63390D66-B677-469F-B477-D2931198AE1F": {
			"isa": "PBXFileReference",
			"lastKnownFileType": "compiled.mach-o.dylib",
			"name": "libavutil.dylib",
			"path": "../../../addons/ofxHapPlayer/libs/ffmpeg/lib/osx/libavutil.dylib",
			"sourceTree": "SOURCE_ROOT"
		},
		"63E3EC0D-C117-4BCB-B1E5-D4DFE169C620": {
			"fileRef": "1DD696F0-850C-4DF2-B539-1E60376B9EAC",
			"isa": "PBXBuildFile",
			"settings": {
				"ATTRIBUTES": [
					"CodeSignOnCopy"
				]
			}
		},
		"6503D536-7D76-4EFE-A4CA-58D9B917D651": {
			"fileRef": "33927610-4A2C-4C91-9142-D3E104C239CC",
			"isa": "PBXBuildFile",
			"settings": {
				"ATTRIBUTES": [
					"CodeSignOnCopy"
				]
			}
		},
		"6831DE49-8E94-4EB3-A0AB-8C93F78E8775": {
			"fileRef": "B25190D3-7FB5-425D-9538-4DCE5F2636F6",
			"isa": "PBXBuildFile",
			"settings": {
				"ATTRIBUTES": [
					"CodeSignOnCopy"
				]
			}
		},
		"69756200-EE32-46A9-9AF5-9EB9D12C70CA": {
			"children": [
				"557B9081-AACD-4D64-BB49-7493737F82FB"
			],
			"isa": "PBXGroup",
			"name": "include",
			"path": "../../../addons/ofxHapPlayer/libs/ofxHap/include",
			"sourceTree": "SOURCE_ROOT"
		},
		"6B7C3469-A192-4E70-AF49-8B316DA08043": {
			"fileRef": "778B9F2D-C501-4969-810B-A4169F04EDBD",
			"isa": "PBXBuildFile",
			"settings": {
				"ATTRIBUTES": [
					"CodeSignOnCopy"
				]
			}
		},
		"6DE427FF-03FA-4316-8044-10D90B0AD238": {
			"children": [
				"A3924E6D-8961-4FAE-AC18-CEE955E81B03"
			],
			"isa": "PBXGroup",
			"name": "lib",
			"sourceTree": "SOURCE_ROOT"
		},
		"778B9F2D-C501-4969-810B-A4169F04EDBD": {
			"isa": "PBXFileReference",
			"lastKnownFileType": "compiled.mach-o.dylib",
			"name": "libsnappy.dylib",
			"path": "../../../addons/ofxHapPlayer/libs/snappy/lib/osx/libsnappy.dylib",
			"sourceTree": "SOURCE_ROOT"
		},
		"785AA9D1-E289-4F6D-9C27-ED513C2BD571": {
			"children": [
				"9E5E2FA7-4756-42E6-B501-E98E6E26CB82"
			],
			"isa": "PBXGroup",
			"name": "lib",
			"sourceTree": "SOURCE_ROOT"
		},
		"7937DAF8-6143-4C67-9E0D-940F304A716E": {
			"fileRef": "F116C2C8-B018-4DC5-8B24-7C83ABE17D40",
			"isa": "PBXBuildFile",
			"settings": {
				"ATTRIBUTES": [
					"CodeSignOnCopy"
				]
			}
		},
		"7AC36F8C-E020-4A90-AC91-C90A9598BB7A": {
			"fileRef": "ECB0F070-0AD0-4C59-A040-749B2CFC1150",
			"isa": "PBXBuildFile",
			"settings": {
				"ATTRIBUTES": [
					"CodeSignOnCopy"
				]
			}
		},
		"7D541E27-B805-4C8D-BC4B-52952AB5E60B": {
			"explicitFileType": "sourcecode.cpp.cpp",
			"fileEncoding": "4",
			"isa": "PBXFileReference",
			"name": "AudioParameters.cpp",
			"path": "../../../addons/ofxHapPlayer/libs/ofxHap/src/AudioParameters.cpp",
			"sourceTree": "SOURCE_ROOT"
		},
		"80EC361C-180A-448F-95FC-9F0CBC14E64B": {
			"fileRef": "F69BA983-AD49-4433-9DEE-C9364FE16FDF",
			"isa": "PBXBuildFile"
		},
		"882B46F5-D304-47B3-874D-45FDB730C873": {
			"isa": "PBXFileReference",
			"lastKnownFileType": "compiled.mach-o.dylib",
			"name": "libavutil.56.dylib",
			"path": "../../../addons/ofxHapPlayer/libs/ffmpeg/lib/osx/libavutil.56.dylib",
			"sourceTree": "SOURCE_ROOT"
		},
		"88A3C2B8-AF1C-4E05-B867-2AE38355981C": {
			"fileRef": "3A981324-7090-449E-8852-53049DB20509",
			"isa": "PBXBuildFile"
		},
		"8C31E389-4CE8-4922-AE1D-0971680A13B2": {
			"fileRef": "33927610-4A2C-4C91-9142-D3E104C239CC",
			"isa": "PBXBuildFile",
			"settings": {
				"ATTRIBUTES": [
					"CodeSignOnCopy"
				]
			}
		},
		"8DE50779-8777-441D-8CD6-5B23ECA774F7": {
			"fileRef": "B25190D3-7FB5-425D-9538-4DCE5F2636F6",
			"isa": "PBXBuildFile",
			"settings": {
				"ATTRIBUTES": [
					"CodeSignOnCopy"
				]
			}
		},
		"8FE9D217-461E-4E72-9E43-2B27FC2458C7": {
			"explicitFileType": "sourcecode.cpp.cpp",
			"fileEncoding": "4",
			"isa": "PBXFileReference",
			"name": "AudioResampler.cpp",
			"path": "../../../addons/ofxHapPlayer/libs/ofxHap/src/AudioResampler.cpp",
			"sourceTree": "SOURCE_ROOT"
		},
		"92F40D67-61B2-4546-AB3D-1BD9B601DFEC": {
			"children": [
				"D3E020F8-B65F-4AEC-A492-6F4D6918DE9B",
				"C5E97BA0-2D9C-4F93-8FD7-F55AEAF3B312"
			],
			"isa": "PBXGroup",
			"name": "ofxHapPlayer",
			"sourceTree": "SOURCE_ROOT"
		},
		"9318A28C-C9EF-4C02-808C-71F38D339DB7": {
			"isa": "PBXFileReference",
			"lastKnownFileType": "compiled.mach-o.dylib",
			"name": "libsnappy.1.1.9.dylib",
			"path": "../../../addons/ofxHapPlayer/libs/snappy/lib/osx/libsnappy.1.1.9.dylib",
			"sourceTree": "SOURCE_ROOT"
		},
		"94EBB743-02E6-4F67-A814-CBDD68CDD427": {
			"fileRef": "9318A28C-C9EF-4C02-808C-71F38D339DB7",
			"isa": "PBXBuildFile",
			"settings": {
				"ATTRIBUTES": [
					"CodeSignOnCopy"
				]
			}
		},
		"96839A69-BE07-4759-91A9-1D04D2E9D17B": {
			"children": [
				"BC0AC3D3-4573-4414-A9C3-7CBB3BB0684E"
			],
			"isa": "PBXGroup",
			"name": "hap",
			"path": "../../../addons/ofxHapPlayer/libs/hap",
			"sourceTree": "SOURCE_ROOT"
		},
		"98750DB8-B119-48C9-9554-853FE84AD333": {
			"explicitFileType": "sourcecode.cpp.cpp",
			"fileEncoding": "4",
			"isa": "PBXFileReference",
			"name": "AudioThread.cpp",
			"path": "../../../addons/ofxHapPlayer/libs/ofxHap/src/AudioThread.cpp",
			"sourceTree": "SOURCE_ROOT"
		},
		"98BD89BE-4E8B-4D13-B3F8-939259838598": {
			"explicitFileType": "sourcecode.c.h",
			"fileEncoding": "4",
			"isa": "PBXFileReference",
			"name": "PacketCache.h",
			"path": "../../../addons/ofxHapPlayer/libs/ofxHap/include/ofxHap/PacketCache.h",
			"sourceTree": "SOURCE_ROOT"
		},
		"9BC3D424-926B-4A11-9E31-F00F2B515AD7": {
			"explicitFileType": "sourcecode.cpp.cpp",
			"fileEncoding": "4",
			"isa": "PBXFileReference",
			"name": "Demuxer.cpp",
			"path": "../../../addons/ofxHapPlayer/libs/ofxHap/src/Demuxer.cpp",
			"sourceTree": "SOURCE_ROOT"
		},
		"9DC271BE-5984-45CA-AFF2-14A9458036C9": {
			"explicitFileType": "sourcecode.cpp.cpp",
			"fileEncoding": "4",
			"isa": "PBXFileReference",
			"name": "ofxHapPlayer.cpp",
			"path": "../../../addons/ofxHapPlayer/src/ofxHapPlayer.cpp",
			"sourceTree": "SOURCE_ROOT"
		},
		"9E5E2FA7-4756-42E6-B501-E98E6E26CB82": {
			"children": [
				"33927610-4A2C-4C91-9142-D3E104C239CC",
				"468AD885-AEE9-4AAA-B147-5AD4DAB6DC37",
				"B25190D3-7FB5-425D-9538-4DCE5F2636F6",
				"2D4F2917-A74F-4316-B3C8-097EB19913B9",
				"C2BEDBC0-3F4C-43F2-B83A-15862D79B3CD",
				"ECB0F070-0AD0-4C59-A040-749B2CFC1150",
				"63390D66-B677-469F-B477-D2931198AE1F",
				"882B46F5-D304-47B3-874D-45FDB730C873",
				"342AFF6D-1DB9-4DE5-A3BF-8A5269D58034",
				"102B9359-F2A5-44FB-ADBB-DA9AF513DFAD",
				"1DD696F0-850C-4DF2-B539-1E60376B9EAC",
				"F116C2C8-B018-4DC5-8B24-7C83ABE17D40"
			],
			"isa": "PBXGroup",
			"name": "osx",
			"sourceTree": "SOURCE_ROOT"
		},
		"A3924E6D-8961-4FAE-AC18-CEE955E81B03": {
			"children": [
				"778B9F2D-C501-4969-810B-A4169F04EDBD",
				"9318A28C-C9EF-4C02-808C-71F38D339DB7",
				"F726B2A4-CB41-4ED9-A8A8-386FD0778C00"
			],
			"isa": "PBXGroup",
			"name": "osx",
			"sourceTree": "SOURCE_ROOT"
		},
		"A3960F8A-312B-49CD-BF57-C7A6DC9BE49D": {
			"fileRef": "9BC3D424-926B-4A11-9E31-F00F2B515AD7",
			"isa": "PBXBuildFile"
		},
		"A8EA5DB4-B2B1-41D7-8C84-7CA868FF3C7F": {
			"children": [
				"6DE427FF-03FA-4316-8044-10D90B0AD238"
			],
			"isa": "PBXGroup",
			"name": "snappy",
			"sourceTree": "SOURCE_ROOT"
		},
		"A9D3CC15-BA78-45D9-89DB-5F00908FBB50": {
			"explicitFileType": "sourcecode.c.h",
			"fileEncoding": "4",
			"isa": "PBXFileReference",
			"name": "TimeRangeSet.h",
			"path": "../../../addons/ofxHapPlayer/libs/ofxHap/include/ofxHap/TimeRangeSet.h",
			"sourceTree": "SOURCE_ROOT"
		},
		"AAB61D82-5505-4E4C-BF94-E83D776DB1B5": {
			"children": [
				"F69BA983-AD49-4433-9DEE-C9364FE16FDF",
				"7D541E27-B805-4C8D-BC4B-52952AB5E60B",
				"8FE9D217-461E-4E72-9E43-2B27FC2458C7",
				"98750DB8-B119-48C9-9554-853FE84AD333",
				"3A981324-7090-449E-8852-53049DB20509",
				"9BC3D424-926B-4A11-9E31-F00F2B515AD7",
				"E4B16D74-8E77-44F5-AE93-A032EAD46A53",
				"CC08E18A-4D2C-429E-909C-B3B32622ED42",
				"D10986F9-4DD9-48D2-AAEA-C6C6CF0D2B9C",
				"FE7DEC35-D21C-4C50-A368-E742B26A73B3"
			],
			"isa": "PBXGroup",
			"name": "src",
			"path": "../../../addons/ofxHapPlayer/libs/ofxHap/src",
			"sourceTree": "SOURCE_ROOT"
		},
		"AB70DBAB-3C4F-4077-B95E-3CD95DC908C1": {
			"children": [
				"785AA9D1-E289-4F6D-9C27-ED513C2BD571"
			],
			"isa": "PBXGroup",
			"name": "ffmpeg",
			"sourceTree": "SOURCE_ROOT"
		},
		"B0D3EA48-94EF-481C-A952-CED3B9F707DF": {
			"explicitFileType": "sourcecode.c.h",
			"fileEncoding": "4",
			"isa": "PBXFileReference",
			"name": "AudioDecoder.h",
			"path": "../../../addons/ofxHapPlayer/libs/ofxHap/include/ofxHap/AudioDecoder.h",
			"sourceTree": "SOURCE_ROOT"
		},
		"B25190D3-7FB5-425D-9538-4DCE5F2636F6": {
			"isa": "PBXFileReference",
			"lastKnownFileType": "compiled.mach-o.dylib",
			"name": "libavformat.58.dylib",
			"path": "../../../addons/ofxHapPlayer/libs/ffmpeg/lib/osx/libavformat.58.dylib",
			"sourceTree": "SOURCE_ROOT"
		},
		"B25C467B-7B27-4C28-B671-015A0D19052B": {
			"explicitFileType": "sourcecode.c.c",
			"fileEncoding": "4",
			"isa": "PBXFileReference",
			"name": "hap.c",
			"path": "../../../addons/ofxHapPlayer/libs/hap/src/hap.c",
			"sourceTree": "SOURCE_ROOT"
		},
		"B5EFE600-F7DC-4D7C-BF47-EBBFDCAD9984": {
			"explicitFileType": "sourcecode.c.h",
			"fileEncoding": "4",
			"isa": "PBXFileReference",
			"name": "Common.h",
			"path": "../../../addons/ofxHapPlayer/libs/ofxHap/include/ofxHap/Common.h",
			"sourceTree": "SOURCE_ROOT"
		},
		"B6CA88FF-A0F5-4687-B2C9-187380061F26": {
			"fileRef": "882B46F5-D304-47B3-874D-45FDB730C873",
			"isa": "PBXBuildFile",
			"settings": {
				"ATTRIBUTES": [
					"CodeSignOnCopy"
				]
			}
		},
		"BB4B014C10F69532006C3DED": {
			"children": [
				"92F40D67-61B2-4546-AB3D-1BD9B601DFEC"
			],
			"isa": "PBXGroup",
			"name": "addons",
			"path": "../../../addons",
			"sourceTree": "<group>"
		},
		"BC0AC3D3-4573-4414-A9C3-7CBB3BB0684E": {
			"children": [
				"B25C467B-7B27-4C28-B671-015A0D19052B",
				"2F1C09C0-7D48-4D1E-BABF-AC6F5962B957"
			],
			"isa": "PBXGroup",
			"name": "src",
			"path": "../../../addons/ofxHapPlayer/libs/hap/src",
			"sourceTree": "SOURCE_ROOT"
		},
		"BF096C74-67E2-4A72-BBFB-598518BC23EB": {
			"fileRef": "E4B16D74-8E77-44F5-AE93-A032EAD46A53",
			"isa": "PBXBuildFile"
		},
		"BFBA2E29-DF3E-4ED4-8B88-02A7C9169819": {
			"fileRef": "7D541E27-B805-4C8D-BC4B-52952AB5E60B",
			"isa": "PBXBuildFile"
		},
		"C26D1AE3-041F-4CBB-819B-641BB703AF6D": {
			"fileRef": "2D4F2917-A74F-4316-B3C8-097EB19913B9",
			"isa": "PBXBuildFile",
			"settings": {
				"ATTRIBUTES": [
					"CodeSignOnCopy"
				]
			}
		},
		"C2BEDBC0-3F4C-43F2-B83A-15862D79B3CD": {
			"isa": "PBXFileReference",
			"lastKnownFileType": "compiled.mach-o.dylib",
			"name": "libswresample.3.9.100.dylib",
			"path": "../../../addons/ofxHapPlayer/libs/ffmpeg/lib/osx/libswresample.3.9.100.dylib",
			"sourceTree": "SOURCE_ROOT"
		},
		"C5E97BA0-2D9C-4F93-8FD7-F55AEAF3B312": {
			"children": [
				"9DC271BE-5984-45CA-AFF2-14A9458036C9",
				"DF65531B-26C8-449B-95E4-74C2AADA7081"
			],
			"isa": "PBXGroup",
			"name": "src",
			"path": "../../../addons/ofxHapPlayer/src",
			"sourceTree": "SOURCE_ROOT"
		},
		"CC08E18A-4D2C-429E-909C-B3B32622ED42": {
			"explicitFileType": "sourcecode.cpp.cpp",
			"fileEncoding": "4",
			"isa": "PBXFileReference",
			"name": "PacketCache.cpp",
			"path": "../../../addons/ofxHapPlayer/libs/ofxHap/src/PacketCache.cpp",
			"sourceTree": "SOURCE_ROOT"
		},
		"CDBD9FB4-30BF-4BCD-8578-61EC3ADC18C2": {
			"fileRef": "98750DB8-B119-48C9-9554-853FE84AD333",
			"isa": "PBXBuildFile"
		},
		"CE86AAFD-55DD-42BA-B673-7F169D3C5CEA": {
			"explicitFileType": "sourcecode.c.h",
			"fileEncoding": "4",
			"isa": "PBXFileReference",
			"name": "ErrorReceiving.h",
			"path": "../../../addons/ofxHapPlayer/libs/ofxHap/include/ofxHap/ErrorReceiving.h",
			"sourceTree": "SOURCE_ROOT"
		},
		"CF216DDC-191E-4E74-9D65-FCE987B702C8": {
			"fileRef": "63390D66-B677-469F-B477-D2931198AE1F",
			"isa": "PBXBuildFile",
			"settings": {
				"ATTRIBUTES": [
					"CodeSignOnCopy"
				]
			}
		},
		"D10986F9-4DD9-48D2-AAEA-C6C6CF0D2B9C": {
			"explicitFileType": "sourcecode.cpp.cpp",
			"fileEncoding": "4",
			"isa": "PBXFileReference",
			"name": "RingBuffer.cpp",
			"path": "../../../addons/ofxHapPlayer/libs/ofxHap/src/RingBuffer.cpp",
			"sourceTree": "SOURCE_ROOT"
		},
		"D3E020F8-B65F-4AEC-A492-6F4D6918DE9B": {
			"children": [
				"AB70DBAB-3C4F-4077-B95E-3CD95DC908C1",
				"A8EA5DB4-B2B1-41D7-8C84-7CA868FF3C7F",
				"96839A69-BE07-4759-91A9-1D04D2E9D17B",
				"3E3CD2EF-959F-4242-9E4C-0F89ADB489B8"
			],
			"isa": "PBXGroup",
			"name": "libs",
			"sourceTree": "SOURCE_ROOT"
		},
		"D86C53FF-8B4E-4BDB-8279-C9A3D854660A": {
			"fileRef": "342AFF6D-1DB9-4DE5-A3BF-8A5269D58034",
			"isa": "PBXBuildFile",
			"settings": {
				"ATTRIBUTES": [
					"CodeSignOnCopy"
				]
			}
		},
		"DACDA2BB-5EDF-43CA-B5BE-E9296B03D201": {
			"fileRef": "F726B2A4-CB41-4ED9-A8A8-386FD0778C00",
			"isa": "PBXBuildFile",
			"settings": {
				"ATTRIBUTES": [
					"CodeSignOnCopy"
				]
			}
		},
		"DE354374-374E-4DAD-824B-07768A3CAADE": {
			"fileRef": "ECB0F070-0AD0-4C59-A040-749B2CFC1150",
			"isa": "PBXBuildFile",
			"settings": {
				"ATTRIBUTES": [
					"CodeSignOnCopy"
				]
			}
		},
		"DF65531B-26C8-449B-95E4-74C2AADA7081": {
			"explicitFileType": "sourcecode.c.h",
			"fileEncoding": "4",
			"isa": "PBXFileReference",
			"name": "ofxHapPlayer.h",
			"path": "../../../addons/ofxHapPlayer/src/ofxHapPlayer.h",
			"sourceTree": "SOURCE_ROOT"
		},
		"E050AF69-A106-43ED-B29B-EAF7F86E2B65": {
			"fileRef": "882B46F5-D304-47B3-874D-45FDB730C873",
			"isa": "PBXBuildFile",
			"settings": {
				"ATTRIBUTES": [
					"CodeSignOnCopy"
				]
			}
		},
		"E177462C-628F-480E-87B0-6A68BD126B70": {
			"explicitFileType": "sourcecode.c.h",
			"fileEncoding": "4",
			"isa": "PBXFileReference",
			"name": "AudioThread.h",
			"path": "../../../addons/ofxHapPlayer/libs/ofxHap/include/ofxHap/AudioThread.h",
			"sourceTree": "SOURCE_ROOT"
		},
		"E42962A92163ECCD00A6A9E2": {
			"alwaysOutOfDate": "1",
			"buildActionMask": "2147483647",
			"files": [],
			"inputPaths": [],
			"isa": "PBXShellScriptBuildPhase",
			"name": "Run Script — Compile OF",
			"outputPaths": [],
			"runOnlyForDeploymentPostprocessing": "0",
			"shellPath": "/bin/sh",
			"shellScript": "echo \"💾 Compiling Openframeworks\"\nxcodebuild -project \"$OF_PATH/libs/openFrameworksCompiled/project/osx/openFrameworksLib.xcodeproj\" -target openFrameworks -configuration \"${CONFIGURATION}\"  CLANG_CXX_LANGUAGE_STANDARD=$CLANG_CXX_LANGUAGE_STANDARD MACOSX_DEPLOYMENT_TARGET=$MACOSX_DEPLOYMENT_TARGET GCC_PREPROCESSOR_DEFINITIONS=$USER_PREPROCESSOR_DEFINITIONS\n",
			"showEnvVarsInLog": "0"
		},
		"E4A5B60F29BAAAE400C2D356": {
			"buildActionMask": "2147483647",
			"dstPath": "",
			"dstSubfolderSpec": "6",
			"files": [
				"8C31E389-4CE8-4922-AE1D-0971680A13B2",
				"22300478-4E1D-4F9B-9508-2137C80B6326",
				"8DE50779-8777-441D-8CD6-5B23ECA774F7",
				"5D9714F8-AD71-46BA-88BA-A55956617D76",
				"ED76A36E-C516-4AEE-9ADE-5BC67E56C53E",
				"DE354374-374E-4DAD-824B-07768A3CAADE",
				"CF216DDC-191E-4E74-9D65-FCE987B702C8",
				"E050AF69-A106-43ED-B29B-EAF7F86E2B65",
				"D86C53FF-8B4E-4BDB-8279-C9A3D854660A",
				"1C990859-C7E0-41F5-9655-30DB8BE6A3EC",
				"63E3EC0D-C117-4BCB-B1E5-D4DFE169C620",
				"07590BA3-A866-4FC0-8FCE-CE1BB59C8A2E",
				"6B7C3469-A192-4E70-AF49-8B316DA08043",
				"94EBB743-02E6-4F67-A814-CBDD68CDD427",
				"EECC538A-1D1E-4DE2-A965-97E5B5FFCC3F"
			],
			"isa": "PBXCopyFilesBuildPhase",
			"runOnlyForDeploymentPostprocessing": "0"
		},
		"E4B16D74-8E77-44F5-AE93-A032EAD46A53": {
			"explicitFileType": "sourcecode.cpp.cpp",
			"fileEncoding": "4",
			"isa": "PBXFileReference",
			"name": "MovieTime.cpp",
			"path": "../../../addons/ofxHapPlayer/libs/ofxHap/src/MovieTime.cpp",
			"sourceTree": "SOURCE_ROOT"
		},
		"E4B69B4A0A3A1720003C02F2": {
			"children": [
				"191CD6FA2847E21E0085CBB6",
				"E4B6FCAD0C3E899E008CF71C",
				"E4EB6923138AFD0F00A09F29",
				"E4B69E1C0A3A1BDC003C02F2",
				"191EF70929D778A400F35F26",
				"BB4B014C10F69532006C3DED",
				"E4B69B5B0A3A1756003C02F2"
			],
			"isa": "PBXGroup",
			"sourceTree": "<group>"
		},
		"E4B69B4C0A3A1720003C02F2": {
			"attributes": {
				"LastUpgradeCheck": "0600"
			},
			"buildConfigurationList": "E4B69B4D0A3A1720003C02F2",
			"compatibilityVersion": "Xcode 3.2",
			"developmentRegion": "en",
			"hasScannedForEncodings": "0",
			"isa": "PBXProject",
			"knownRegions": [
				"en",
				"Base"
			],
			"mainGroup": "E4B69B4A0A3A1720003C02F2",
			"productRefGroup": "E4B69B4A0A3A1720003C02F2",
			"projectDirPath": "",
			"projectRoot": "",
			"targets": [
				"E4B69B5A0A3A1756003C02F2"
			]
		},
		"E4B69B4D0A3A1720003C02F2": {
			"buildConfigurations": [
				"E4B69B4E0A3A1720003C02F2",
				"E4B69B4F0A3A1720003C02F2"
			],
			"defaultConfigurationIsVisible": "0",
			"defaultConfigurationName": "Release",
			"isa": "XCConfigurationList"
		},
		"E4B69B4E0A3A1720003C02F2": {
			"baseConfigurationReference": "E4EB6923138AFD0F00A09F29",
			"buildSettings": {
				"CODE_SIGN_ENTITLEMENTS": "of.entitlements",
				"COPY_PHASE_STRIP": "NO",
				"ENABLE_TESTABILITY": "YES",
				"GCC_OPTIMIZATION_LEVEL": "0",
				"GCC_WARN_UNUSED_VARIABLE": "NO",
				"HEADER_SEARCH_PATHS": [
					"$(OF_CORE_HEADERS)",
					"src"
				],
				"OTHER_CPLUSPLUSFLAGS": "-D__MACOSX_CORE__"
			},
			"isa": "XCBuildConfiguration",
			"name": "Debug"
		},
		"E4B69B4F0A3A1720003C02F2": {
			"baseConfigurationReference": "E4EB6923138AFD0F00A09F29",
			"buildSettings": {
				"CODE_SIGN_ENTITLEMENTS": "of.entitlements",
				"COPY_PHASE_STRIP": "YES",
				"GCC_OPTIMIZATION_LEVEL": "3",
				"GCC_UNROLL_LOOPS": "YES",
				"HEADER_SEARCH_PATHS": [
					"$(OF_CORE_HEADERS)",
					"src"
				],
				"OTHER_CPLUSPLUSFLAGS": "-D__MACOSX_CORE__"
			},
			"isa": "XCBuildConfiguration",
			"name": "Release"
		},
		"E4B69B580A3A1756003C02F2": {
			"buildActionMask": "2147483647",
			"files": [
				"E4B69E200A3A1BDC003C02F2",
				"E4B69E210A3A1BDC003C02F2",
				"20735E83-FB6B-40F7-94B6-CFABFA41EF9E",
				"80EC361C-180A-448F-95FC-9F0CBC14E64B",
				"BFBA2E29-DF3E-4ED4-8B88-02A7C9169819",
				"25C7D405-65B2-43C4-B75C-7068C529E6B6",
				"CDBD9FB4-30BF-4BCD-8578-61EC3ADC18C2",
				"88A3C2B8-AF1C-4E05-B867-2AE38355981C",
				"A3960F8A-312B-49CD-BF57-C7A6DC9BE49D",
				"BF096C74-67E2-4A72-BBFB-598518BC23EB",
				"2EA99187-090D-4762-A735-FCBE47AA5EEE",
				"27C14B66-C068-4805-8906-E17E57297C6F",
				"F1E849E7-1110-4FF2-9229-482CBC7DC4DD",
				"233F1623-2DE7-4798-8147-2E8AA55E7CDD"
			],
			"isa": "PBXSourcesBuildPhase",
			"runOnlyForDeploymentPostprocessing": "0"
		},
		"E4B69B590A3A1756003C02F2": {
			"buildActionMask": "2147483647",
			"files": [],
			"isa": "PBXFrameworksBuildPhase",
			"runOnlyForDeploymentPostprocessing": "0"
		},
		"E4B69B5A0A3A1756003C02F2": {
			"buildConfigurationList": "E4B69B5F0A3A1757003C02F2",
			"buildPhases": [
				"E42962A92163ECCD00A6A9E2",
				"E4B69B580A3A1756003C02F2",
				"E4B69B590A3A1756003C02F2",
				"E4C2427710CC5ABF004149E2",
				"E4A5B60F29BAAAE400C2D356",
				"19B789C429E5AB4A0082E9B8"
			],
			"buildRules": [],
			"dependencies": [],
			"isa": "PBXNativeTarget",
			"name": "example",
			"productName": "myOFApp",
			"productReference": "E4B69B5B0A3A1756003C02F2",
			"productType": "com.apple.product-type.application"
		},
		"E4B69B5B0A3A1756003C02F2": {
			"explicitFileType": "wrapper.application",
			"includeInIndex": "0",
			"isa": "PBXFileReference",
			"path": "exampleDebug.app",
			"sourceTree": "BUILT_PRODUCTS_DIR"
		},
		"E4B69B5F0A3A1757003C02F2": {
			"buildConfigurations": [
				"E4B69B600A3A1757003C02F2",
				"E4B69B610A3A1757003C02F2"
			],
			"defaultConfigurationIsVisible": "0",
			"defaultConfigurationName": "Release",
			"isa": "XCConfigurationList"
		},
		"E4B69B600A3A1757003C02F2": {
			"baseConfigurationReference": "E4EB6923138AFD0F00A09F29",
			"buildSettings": {
				"ARCHS": "$(ARCHS_STANDARD)",
				"COPY_PHASE_STRIP": "NO",
				"FRAMEWORK_SEARCH_PATHS": "$(inherited)",
				"GCC_DYNAMIC_NO_PIC": "NO",
				"HEADER_SEARCH_PATHS": [
					"$(OF_CORE_HEADERS)",
					"src",
					"src",
					"../../../addons/ofxHapPlayer/libs",
					"../../../addons/ofxHapPlayer/libs/ffmpeg",
					"../../../addons/ofxHapPlayer/libs/ffmpeg/include",
					"../../../addons/ofxHapPlayer/libs/ffmpeg/lib",
					"../../../addons/ofxHapPlayer/libs/ffmpeg/lib/osx",
					"../../../addons/ofxHapPlayer/libs/ffmpeg/lib/vs",
					"../../../addons/ofxHapPlayer/libs/ffmpeg/lib/vs/Win32",
					"../../../addons/ofxHapPlayer/libs/ffmpeg/lib/vs/x64",
					"../../../addons/ofxHapPlayer/libs/hap",
					"../../../addons/ofxHapPlayer/libs/hap/src",
					"../../../addons/ofxHapPlayer/libs/ofxHap",
					"../../../addons/ofxHapPlayer/libs/ofxHap/include",
					"../../../addons/ofxHapPlayer/libs/ofxHap/include/ofxHap",
					"../../../addons/ofxHapPlayer/libs/ofxHap/src",
					"../../../addons/ofxHapPlayer/libs/snappy",
					"../../../addons/ofxHapPlayer/libs/snappy/include",
					"../../../addons/ofxHapPlayer/libs/snappy/lib",
					"../../../addons/ofxHapPlayer/libs/snappy/lib/osx",
					"../../../addons/ofxHapPlayer/libs/snappy/lib/vs",
					"../../../addons/ofxHapPlayer/libs/snappy/lib/vs/Win32",
					"../../../addons/ofxHapPlayer/libs/snappy/lib/vs/Win32/Debug",
					"../../../addons/ofxHapPlayer/libs/snappy/lib/vs/Win32/Release",
					"../../../addons/ofxHapPlayer/libs/snappy/lib/vs/x64",
					"../../../addons/ofxHapPlayer/libs/snappy/lib/vs/x64/Debug",
					"../../../addons/ofxHapPlayer/libs/snappy/lib/vs/x64/Release",
					"../../../addons/ofxHapPlayer/libs/snappy/license",
					"../../../addons/ofxHapPlayer/src"
				],
				"LIBRARY_SEARCH_PATHS": "$(inherited)",
				"OTHER_LDFLAGS": [
					"$(OF_CORE_LIBS)",
					"$(OF_CORE_FRAMEWORKS)",
					"$(LIB_OF_DEBUG)",
					"../../../addons/ofxHapPlayer/libs/ffmpeg/lib/osx/libavutil.56.70.100.dylib",
					"../../../addons/ofxHapPlayer/libs/ffmpeg/lib/osx/libswresample.3.dylib",
					"../../../addons/ofxHapPlayer/libs/ffmpeg/lib/osx/libavformat.58.dylib",
					"../../../addons/ofxHapPlayer/libs/ffmpeg/lib/osx/libavformat.58.76.100.dylib",
					"../../../addons/ofxHapPlayer/libs/ffmpeg/lib/osx/libswresample.3.9.100.dylib",
					"../../../addons/ofxHapPlayer/libs/ffmpeg/lib/osx/libavformat.dylib",
					"../../../addons/ofxHapPlayer/libs/ffmpeg/lib/osx/libavutil.dylib",
					"../../../addons/ofxHapPlayer/libs/ffmpeg/lib/osx/libavutil.56.dylib",
					"../../../addons/ofxHapPlayer/libs/ffmpeg/lib/osx/libavcodec.dylib",
					"../../../addons/ofxHapPlayer/libs/ffmpeg/lib/osx/libswresample.dylib",
					"../../../addons/ofxHapPlayer/libs/ffmpeg/lib/osx/libavcodec.58.134.100.dylib",
					"../../../addons/ofxHapPlayer/libs/ffmpeg/lib/osx/libavcodec.58.dylib",
					"../../../addons/ofxHapPlayer/libs/snappy/lib/osx/libsnappy.dylib",
					"../../../addons/ofxHapPlayer/libs/snappy/lib/osx/libsnappy.1.1.9.dylib",
					"../../../addons/ofxHapPlayer/libs/snappy/lib/osx/libsnappy.1.dylib",
					"-rpath",
					"@loader_path/../../../../../../../addons/ofxHapPlayer/libs"
				]
			},
			"isa": "XCBuildConfiguration",
			"name": "Debug"
		},
		"E4B69B610A3A1757003C02F2": {
			"baseConfigurationReference": "E4EB6923138AFD0F00A09F29",
			"buildSettings": {
				"ARCHS": "$(ARCHS_STANDARD)",
				"COPY_PHASE_STRIP": "YES",
				"FRAMEWORK_SEARCH_PATHS": "$(inherited)",
				"HEADER_SEARCH_PATHS": [
					"$(OF_CORE_HEADERS)",
					"src",
					"src",
					"../../../addons/ofxHapPlayer/libs",
					"../../../addons/ofxHapPlayer/libs/ffmpeg",
					"../../../addons/ofxHapPlayer/libs/ffmpeg/include",
					"../../../addons/ofxHapPlayer/libs/ffmpeg/lib",
					"../../../addons/ofxHapPlayer/libs/ffmpeg/lib/osx",
					"../../../addons/ofxHapPlayer/libs/ffmpeg/lib/vs",
					"../../../addons/ofxHapPlayer/libs/ffmpeg/lib/vs/Win32",
					"../../../addons/ofxHapPlayer/libs/ffmpeg/lib/vs/x64",
					"../../../addons/ofxHapPlayer/libs/hap",
					"../../../addons/ofxHapPlayer/libs/hap/src",
					"../../../addons/ofxHapPlayer/libs/ofxHap",
					"../../../addons/ofxHapPlayer/libs/ofxHap/include",
					"../../../addons/ofxHapPlayer/libs/ofxHap/include/ofxHap",
					"../../../addons/ofxHapPlayer/libs/ofxHap/src",
					"../../../addons/ofxHapPlayer/libs/snappy",
					"../../../addons/ofxHapPlayer/libs/snappy/include",
					"../../../addons/ofxHapPlayer/libs/snappy/lib",
					"../../../addons/ofxHapPlayer/libs/snappy/lib/osx",
					"../../../addons/ofxHapPlayer/libs/snappy/lib/vs",
					"../../../addons/ofxHapPlayer/libs/snappy/lib/vs/Win32",
					"../../../addons/ofxHapPlayer/libs/snappy/lib/vs/Win32/Debug",
					"../../../addons/ofxHapPlayer/libs/snappy/lib/vs/Win32/Release",
					"../../../addons/ofxHapPlayer/libs/snappy/lib/vs/x64",
					"../../../addons/ofxHapPlayer/libs/snappy/lib/vs/x64/Debug",
					"../../../addons/ofxHapPlayer/libs/snappy/lib/vs/x64/Release",
					"../../../addons/ofxHapPlayer/libs/snappy/license",
					"../../../addons/ofxHapPlayer/src"
				],
				"LIBRARY_SEARCH_PATHS": "$(inherited)",
				"OTHER_LDFLAGS": [
					"$(OF_CORE_LIBS)",
					"$(OF_CORE_FRAMEWORKS)",
					"$(LIB_OF)",
					"../../../addons/ofxHapPlayer/libs/ffmpeg/lib/osx/libavutil.56.70.100.dylib",
					"../../../addons/ofxHapPlayer/libs/ffmpeg/lib/osx/libswresample.3.dylib",
					"../../../addons/ofxHapPlayer/libs/ffmpeg/lib/osx/libavformat.58.dylib",
					"../../../addons/ofxHapPlayer/libs/ffmpeg/lib/osx/libavformat.58.76.100.dylib",
					"../../../addons/ofxHapPlayer/libs/ffmpeg/lib/osx/libswresample.3.9.100.dylib",
					"../../../addons/ofxHapPlayer/libs/ffmpeg/lib/osx/libavformat.dylib",
					"../../../addons/ofxHapPlayer/libs/ffmpeg/lib/osx/libavutil.dylib",
					"../../../addons/ofxHapPlayer/libs/ffmpeg/lib/osx/libavutil.56.dylib",
					"../../../addons/ofxHapPlayer/libs/ffmpeg/lib/osx/libavcodec.dylib",
					"../../../addons/ofxHapPlayer/libs/ffmpeg/lib/osx/libswresample.dylib",
					"../../../addons/ofxHapPlayer/libs/ffmpeg/lib/osx/libavcodec.58.134.100.dylib",
					"../../../addons/ofxHapPlayer/libs/ffmpeg/lib/osx/libavcodec.58.dylib",
					"../../../addons/ofxHapPlayer/libs/snappy/lib/osx/libsnappy.dylib",
					"../../../addons/ofxHapPlayer/libs/snappy/lib/osx/libsnappy.1.1.9.dylib",
					"../../../addons/ofxHapPlayer/libs/snappy/lib/osx/libsnappy.1.dylib",
					"-rpath",
					"@loader_path/../../../../../../../addons/ofxHapPlayer/libs"
				],
				"baseConfigurationReference": "E4EB6923138AFD0F00A09F29"
			},
			"isa": "XCBuildConfiguration",
			"name": "Release"
		},
		"E4B69E1C0A3A1BDC003C02F2": {
			"children": [
				"E4B69E1D0A3A1BDC003C02F2",
				"E4B69E1E0A3A1BDC003C02F2",
				"E4B69E1F0A3A1BDC003C02F2"
			],
			"isa": "PBXGroup",
			"path": "src",
			"sourceTree": "SOURCE_ROOT"
		},
		"E4B69E1D0A3A1BDC003C02F2": {
			"fileEncoding": "4",
			"isa": "PBXFileReference",
			"lastKnownFileType": "sourcecode.cpp.cpp",
			"name": "main.cpp",
			"path": "src/main.cpp",
			"sourceTree": "SOURCE_ROOT"
		},
		"E4B69E1E0A3A1BDC003C02F2": {
			"explicitFileType": "sourcecode.cpp.cpp",
			"fileEncoding": "4",
			"isa": "PBXFileReference",
			"name": "ofApp.cpp",
			"path": "src/ofApp.cpp",
			"sourceTree": "SOURCE_ROOT"
		},
		"E4B69E1F0A3A1BDC003C02F2": {
			"fileEncoding": "4",
			"isa": "PBXFileReference",
			"lastKnownFileType": "sourcecode.c.h",
			"name": "ofApp.h",
			"path": "src/ofApp.h",
			"sourceTree": "SOURCE_ROOT"
		},
		"E4B69E200A3A1BDC003C02F2": {
			"fileRef": "E4B69E1D0A3A1BDC003C02F2",
			"isa": "PBXBuildFile"
		},
		"E4B69E210A3A1BDC003C02F2": {
			"fileRef": "E4B69E1E0A3A1BDC003C02F2",
			"isa": "PBXBuildFile"
		},
		"E4B6FCAD0C3E899E008CF71C": {
			"fileEncoding": "4",
			"isa": "PBXFileReference",
			"lastKnownFileType": "text.plist.xml",
			"path": "openFrameworks-Info.plist",
			"sourceTree": "<group>"
		},
		"E4C2427710CC5ABF004149E2": {
			"buildActionMask": "2147483647",
			"dstPath": "",
			"dstSubfolderSpec": "10",
			"files": [],
			"isa": "PBXCopyFilesBuildPhase",
			"runOnlyForDeploymentPostprocessing": "0"
		},
		"E4EB6923138AFD0F00A09F29": {
			"fileEncoding": "4",
			"isa": "PBXFileReference",
			"lastKnownFileType": "text.xcconfig",
			"path": "Project.xcconfig",
			"sourceTree": "<group>"
		},
		"EA561E01-A1D2-41F5-8804-738CF09A0065": {
			"explicitFileType": "sourcecode.c.h",
			"fileEncoding": "4",
			"isa": "PBXFileReference",
			"name": "Clock.h",
			"path": "../../../addons/ofxHapPlayer/libs/ofxHap/include/ofxHap/Clock.h",
			"sourceTree": "SOURCE_ROOT"
		},
		"ECB0F070-0AD0-4C59-A040-749B2CFC1150": {
			"isa": "PBXFileReference",
			"lastKnownFileType": "compiled.mach-o.dylib",
			"name": "libavformat.dylib",
			"path": "../../../addons/ofxHapPlayer/libs/ffmpeg/lib/osx/libavformat.dylib",
			"sourceTree": "SOURCE_ROOT"
		},
		"ED76A36E-C516-4AEE-9ADE-5BC67E56C53E": {
			"fileRef": "C2BEDBC0-3F4C-43F2-B83A-15862D79B3CD",
			"isa": "PBXBuildFile",
			"settings": {
				"ATTRIBUTES": [
					"CodeSignOnCopy"
				]
			}
		},
		"EE3601C7-6C76-4783-9EB7-2304542367CF": {
			"explicitFileType": "sourcecode.c.h",
			"fileEncoding": "4",
			"isa": "PBXFileReference",
			"name": "MovieTime.h",
			"path": "../../../addons/ofxHapPlayer/libs/ofxHap/include/ofxHap/MovieTime.h",
			"sourceTree": "SOURCE_ROOT"
		},
		"EECC538A-1D1E-4DE2-A965-97E5B5FFCC3F": {
			"fileRef": "F726B2A4-CB41-4ED9-A8A8-386FD0778C00",
			"isa": "PBXBuildFile",
			"settings": {
				"ATTRIBUTES": [
					"CodeSignOnCopy"
				]
			}
		},
		"F038EF50-5249-4867-899C-392D8D0296C1": {
			"fileRef": "102B9359-F2A5-44FB-ADBB-DA9AF513DFAD",
			"isa": "PBXBuildFile",
			"settings": {
				"ATTRIBUTES": [
					"CodeSignOnCopy"
				]
			}
		},
		"F116C2C8-B018-4DC5-8B24-7C83ABE17D40": {
			"isa": "PBXFileReference",
			"lastKnownFileType": "compiled.mach-o.dylib",
			"name": "libavcodec.58.dylib",
			"path": "../../../addons/ofxHapPlayer/libs/ffmpeg/lib/osx/libavcodec.58.dylib",
			"sourceTree": "SOURCE_ROOT"
		},
		"F1E849E7-1110-4FF2-9229-482CBC7DC4DD": {
			"fileRef": "FE7DEC35-D21C-4C50-A368-E742B26A73B3",
			"isa": "PBXBuildFile"
		},
		"F69BA983-AD49-4433-9DEE-C9364FE16FDF": {
			"explicitFileType": "sourcecode.cpp.cpp",
			"fileEncoding": "4",
			"isa": "PBXFileReference",
			"name": "AudioDecoder.cpp",
			"path": "../../../addons/ofxHapPlayer/libs/ofxHap/src/AudioDecoder.cpp",
			"sourceTree": "SOURCE_ROOT"
		},
		"F726B2A4-CB41-4ED9-A8A8-386FD0778C00": {
			"isa": "PBXFileReference",
			"lastKnownFileType": "compiled.mach-o.dylib",
			"name": "libsnappy.1.dylib",
			"path": "../../../addons/ofxHapPlayer/libs/snappy/lib/osx/libsnappy.1.dylib",
			"sourceTree": "SOURCE_ROOT"
		},
		"FCB4BCC3-719D-404E-93EF-B236AA953E79": {
			"explicitFileType": "sourcecode.c.h",
			"fileEncoding": "4",
			"isa": "PBXFileReference",
			"name": "RingBuffer.h",
			"path": "../../../addons/ofxHapPlayer/libs/ofxHap/include/ofxHap/RingBuffer.h",
			"sourceTree": "SOURCE_ROOT"
		},
		"FE7DEC35-D21C-4C50-A368-E742B26A73B3": {
			"explicitFileType": "sourcecode.cpp.cpp",
			"fileEncoding": "4",
			"isa": "PBXFileReference",
			"name": "TimeRangeSet.cpp",
			"path": "../../../addons/ofxHapPlayer/libs/ofxHap/src/TimeRangeSet.cpp",
			"sourceTree": "SOURCE_ROOT"
		}
	},
	"openFrameworksProjectGeneratorVersion": "21",
	"rootObject": "E4B69B4C0A3A1720003C02F2"
}